// !$*UTF8*$!
{
	archiveVersion = 1;
	classes = {
	};
	objectVersion = 56;
	objects = {

/* Begin PBXBuildFile section */
		63DF20EF2970E1A0005DF7D1 /* AppDelegate.swift in Sources */ = {isa = PBXBuildFile; fileRef = 63DF20EE2970E1A0005DF7D1 /* AppDelegate.swift */; };
		63DF20F12970E1A0005DF7D1 /* SceneDelegate.swift in Sources */ = {isa = PBXBuildFile; fileRef = 63DF20F02970E1A0005DF7D1 /* SceneDelegate.swift */; };
		63DF20F32970E1A0005DF7D1 /* MovieViewController.swift in Sources */ = {isa = PBXBuildFile; fileRef = 63DF20F22970E1A0005DF7D1 /* MovieViewController.swift */; };
		63DF20F82970E1A1005DF7D1 /* Assets.xcassets in Resources */ = {isa = PBXBuildFile; fileRef = 63DF20F72970E1A1005DF7D1 /* Assets.xcassets */; };
		762E2B6C29FA411C00551153 /* Rank.swift in Sources */ = {isa = PBXBuildFile; fileRef = 762E2B6B29FA411C00551153 /* Rank.swift */; };
		762E2B6E29FA41FC00551153 /* Audience.swift in Sources */ = {isa = PBXBuildFile; fileRef = 762E2B6D29FA41FC00551153 /* Audience.swift */; };
		762E2B6F29FA45D700551153 /* Audience.swift in Sources */ = {isa = PBXBuildFile; fileRef = 762E2B6D29FA41FC00551153 /* Audience.swift */; };
		762E2B7029FA45D900551153 /* Rank.swift in Sources */ = {isa = PBXBuildFile; fileRef = 762E2B6B29FA411C00551153 /* Rank.swift */; };
		7697227229FBAA1D002D77E7 /* Networking.swift in Sources */ = {isa = PBXBuildFile; fileRef = 7697227129FBAA1D002D77E7 /* Networking.swift */; };
		7697227529FBADC7002D77E7 /* NetworkError.swift in Sources */ = {isa = PBXBuildFile; fileRef = 7697227429FBADC7002D77E7 /* NetworkError.swift */; };
		76A084432A00DB2400799CEE /* MovieCollectionViewCell.swift in Sources */ = {isa = PBXBuildFile; fileRef = 76A084422A00DB2400799CEE /* MovieCollectionViewCell.swift */; };
		76D585DC29F775C800EAB343 /* DailyBoxOfficeDTO.swift in Sources */ = {isa = PBXBuildFile; fileRef = 76D585DB29F775C800EAB343 /* DailyBoxOfficeDTO.swift */; };
		76D585DE29F78AB700EAB343 /* DailyBoxOfficeResultDTO.swift in Sources */ = {isa = PBXBuildFile; fileRef = 76D585DD29F78AB700EAB343 /* DailyBoxOfficeResultDTO.swift */; };
		76D585E029F78B3400EAB343 /* BoxOfficeDTO.swift in Sources */ = {isa = PBXBuildFile; fileRef = 76D585DF29F78B3400EAB343 /* BoxOfficeDTO.swift */; };
		76DFEF5C2A0CBE7B000FB85C /* MovieDetailViewController.swift in Sources */ = {isa = PBXBuildFile; fileRef = 76DFEF5B2A0CBE7B000FB85C /* MovieDetailViewController.swift */; };
		76E2A4292A14B03C006BBF9E /* ErrorDTO.swift in Sources */ = {isa = PBXBuildFile; fileRef = 76E2A4282A14B03C006BBF9E /* ErrorDTO.swift */; };
		76E2A42D2A14B193006BBF9E /* HTTPError.swift in Sources */ = {isa = PBXBuildFile; fileRef = 76E2A42C2A14B193006BBF9E /* HTTPError.swift */; };
		76ED63E42A0DD3CF00BC5B1F /* MovieInformaionView.swift in Sources */ = {isa = PBXBuildFile; fileRef = 76ED63E32A0DD3CF00BC5B1F /* MovieInformaionView.swift */; };
		76FCD63D29FF4BF4009B0825 /* MovieInformation.swift in Sources */ = {isa = PBXBuildFile; fileRef = 76FCD63C29FF4BF4009B0825 /* MovieInformation.swift */; };
		F641FBB22A145328001F08DE /* CalanderViewController.swift in Sources */ = {isa = PBXBuildFile; fileRef = F641FBB12A145328001F08DE /* CalanderViewController.swift */; };
		F659832D29FF44F2000F7BF7 /* MovieDetailInformationDTO.swift in Sources */ = {isa = PBXBuildFile; fileRef = F659832C29FF44F2000F7BF7 /* MovieDetailInformationDTO.swift */; };
		F659832F29FF4A19000F7BF7 /* ActorDTO.swift in Sources */ = {isa = PBXBuildFile; fileRef = F659832E29FF4A19000F7BF7 /* ActorDTO.swift */; };
		F659833129FF4AA2000F7BF7 /* StaffDTO.swift in Sources */ = {isa = PBXBuildFile; fileRef = F659833029FF4AA2000F7BF7 /* StaffDTO.swift */; };
		F659833329FF4ABE000F7BF7 /* AuditDTO.swift in Sources */ = {isa = PBXBuildFile; fileRef = F659833229FF4ABE000F7BF7 /* AuditDTO.swift */; };
		F659833529FF4AE7000F7BF7 /* CompanyDTO.swift in Sources */ = {isa = PBXBuildFile; fileRef = F659833429FF4AE7000F7BF7 /* CompanyDTO.swift */; };
		F659833729FF4AFF000F7BF7 /* DirectorDTO.swift in Sources */ = {isa = PBXBuildFile; fileRef = F659833629FF4AFF000F7BF7 /* DirectorDTO.swift */; };
		F659833929FF4B14000F7BF7 /* GenreDTO.swift in Sources */ = {isa = PBXBuildFile; fileRef = F659833829FF4B14000F7BF7 /* GenreDTO.swift */; };
		F659833B29FF4B3A000F7BF7 /* NationDTO.swift in Sources */ = {isa = PBXBuildFile; fileRef = F659833A29FF4B3A000F7BF7 /* NationDTO.swift */; };
		F659833D29FF4B55000F7BF7 /* ShowTypeDTO.swift in Sources */ = {isa = PBXBuildFile; fileRef = F659833C29FF4B55000F7BF7 /* ShowTypeDTO.swift */; };
		F659833F29FF4D95000F7BF7 /* MovieInformationDTO.swift in Sources */ = {isa = PBXBuildFile; fileRef = F659833E29FF4D95000F7BF7 /* MovieInformationDTO.swift */; };
		F659834129FF4DBC000F7BF7 /* MovieInfoResultDTO.swift in Sources */ = {isa = PBXBuildFile; fileRef = F659834029FF4DBC000F7BF7 /* MovieInfoResultDTO.swift */; };
		F659834329FF5A69000F7BF7 /* Convertable.swift in Sources */ = {isa = PBXBuildFile; fileRef = F659834229FF5A69000F7BF7 /* Convertable.swift */; };
		F65984252A0CD703000F7BF7 /* DocumentDTO.swift in Sources */ = {isa = PBXBuildFile; fileRef = F65984242A0CD703000F7BF7 /* DocumentDTO.swift */; };
		F65984272A0CD86B000F7BF7 /* PosterURLProviderDTO.swift in Sources */ = {isa = PBXBuildFile; fileRef = F65984262A0CD86B000F7BF7 /* PosterURLProviderDTO.swift */; };
		F659842B2A0CD893000F7BF7 /* MetaDTO.swift in Sources */ = {isa = PBXBuildFile; fileRef = F659842A2A0CD893000F7BF7 /* MetaDTO.swift */; };
		F659842E2A0CD944000F7BF7 /* MoviePoster.swift in Sources */ = {isa = PBXBuildFile; fileRef = F659842D2A0CD944000F7BF7 /* MoviePoster.swift */; };
		F66085BB29F66A6C00A39D5A /* BoxOfficeTests.swift in Sources */ = {isa = PBXBuildFile; fileRef = F66085BA29F66A6C00A39D5A /* BoxOfficeTests.swift */; };
		F66085CC29F78C3700A39D5A /* BoxOfficeDTO.swift in Sources */ = {isa = PBXBuildFile; fileRef = 76D585DF29F78B3400EAB343 /* BoxOfficeDTO.swift */; };
		F66085CD29F78C3900A39D5A /* DailyBoxOfficeResultDTO.swift in Sources */ = {isa = PBXBuildFile; fileRef = 76D585DD29F78AB700EAB343 /* DailyBoxOfficeResultDTO.swift */; };
		F66085CE29F78C3C00A39D5A /* DailyBoxOfficeDTO.swift in Sources */ = {isa = PBXBuildFile; fileRef = 76D585DB29F775C800EAB343 /* DailyBoxOfficeDTO.swift */; };
		F66085D129F78F2600A39D5A /* DailyBoxOffice.swift in Sources */ = {isa = PBXBuildFile; fileRef = F66085D029F78F2600A39D5A /* DailyBoxOffice.swift */; };
		F66085D329F78F8700A39D5A /* Movie.swift in Sources */ = {isa = PBXBuildFile; fileRef = F66085D229F78F8700A39D5A /* Movie.swift */; };
		F66085D429F79F0900A39D5A /* Movie.swift in Sources */ = {isa = PBXBuildFile; fileRef = F66085D229F78F8700A39D5A /* Movie.swift */; };
		F66085D529F79F0B00A39D5A /* DailyBoxOffice.swift in Sources */ = {isa = PBXBuildFile; fileRef = F66085D029F78F2600A39D5A /* DailyBoxOffice.swift */; };
		F66085D629F7A00800A39D5A /* BoxOfficeData.json in Resources */ = {isa = PBXBuildFile; fileRef = F66085C129F66B0C00A39D5A /* BoxOfficeData.json */; };
		F68EF1062A21E39B00DA0768 /* KoficErrorDTO.swift in Sources */ = {isa = PBXBuildFile; fileRef = F68EF1052A21E39B00DA0768 /* KoficErrorDTO.swift */; };
		F6D6485D29FB5F390083247F /* EndPoint.swift in Sources */ = {isa = PBXBuildFile; fileRef = F6D6485C29FB5F390083247F /* EndPoint.swift */; };
		F6D6485F29FB65590083247F /* URLComponentError.swift in Sources */ = {isa = PBXBuildFile; fileRef = F6D6485E29FB65590083247F /* URLComponentError.swift */; };
/* End PBXBuildFile section */

/* Begin PBXContainerItemProxy section */
		F66085BC29F66A6C00A39D5A /* PBXContainerItemProxy */ = {
			isa = PBXContainerItemProxy;
			containerPortal = 63DF20E32970E1A0005DF7D1 /* Project object */;
			proxyType = 1;
			remoteGlobalIDString = 63DF20EA2970E1A0005DF7D1;
			remoteInfo = BoxOffice;
		};
/* End PBXContainerItemProxy section */

/* Begin PBXFileReference section */
		63DF20EB2970E1A0005DF7D1 /* BoxOffice.app */ = {isa = PBXFileReference; explicitFileType = wrapper.application; includeInIndex = 0; path = BoxOffice.app; sourceTree = BUILT_PRODUCTS_DIR; };
		63DF20EE2970E1A0005DF7D1 /* AppDelegate.swift */ = {isa = PBXFileReference; lastKnownFileType = sourcecode.swift; path = AppDelegate.swift; sourceTree = "<group>"; };
		63DF20F02970E1A0005DF7D1 /* SceneDelegate.swift */ = {isa = PBXFileReference; lastKnownFileType = sourcecode.swift; path = SceneDelegate.swift; sourceTree = "<group>"; };
		63DF20F22970E1A0005DF7D1 /* MovieViewController.swift */ = {isa = PBXFileReference; lastKnownFileType = sourcecode.swift; path = MovieViewController.swift; sourceTree = "<group>"; };
		63DF20F72970E1A1005DF7D1 /* Assets.xcassets */ = {isa = PBXFileReference; lastKnownFileType = folder.assetcatalog; path = Assets.xcassets; sourceTree = "<group>"; };
		63DF20FC2970E1A1005DF7D1 /* Info.plist */ = {isa = PBXFileReference; lastKnownFileType = text.plist.xml; path = Info.plist; sourceTree = "<group>"; };
		762E2B6B29FA411C00551153 /* Rank.swift */ = {isa = PBXFileReference; lastKnownFileType = sourcecode.swift; path = Rank.swift; sourceTree = "<group>"; };
		762E2B6D29FA41FC00551153 /* Audience.swift */ = {isa = PBXFileReference; lastKnownFileType = sourcecode.swift; path = Audience.swift; sourceTree = "<group>"; };
		7697227129FBAA1D002D77E7 /* Networking.swift */ = {isa = PBXFileReference; lastKnownFileType = sourcecode.swift; path = Networking.swift; sourceTree = "<group>"; };
		7697227429FBADC7002D77E7 /* NetworkError.swift */ = {isa = PBXFileReference; lastKnownFileType = sourcecode.swift; path = NetworkError.swift; sourceTree = "<group>"; };
		76A084422A00DB2400799CEE /* MovieCollectionViewCell.swift */ = {isa = PBXFileReference; lastKnownFileType = sourcecode.swift; path = MovieCollectionViewCell.swift; sourceTree = "<group>"; };
		76D585DB29F775C800EAB343 /* DailyBoxOfficeDTO.swift */ = {isa = PBXFileReference; lastKnownFileType = sourcecode.swift; path = DailyBoxOfficeDTO.swift; sourceTree = "<group>"; };
		76D585DD29F78AB700EAB343 /* DailyBoxOfficeResultDTO.swift */ = {isa = PBXFileReference; lastKnownFileType = sourcecode.swift; path = DailyBoxOfficeResultDTO.swift; sourceTree = "<group>"; };
		76D585DF29F78B3400EAB343 /* BoxOfficeDTO.swift */ = {isa = PBXFileReference; lastKnownFileType = sourcecode.swift; path = BoxOfficeDTO.swift; sourceTree = "<group>"; };
		76DFEF5B2A0CBE7B000FB85C /* MovieDetailViewController.swift */ = {isa = PBXFileReference; lastKnownFileType = sourcecode.swift; path = MovieDetailViewController.swift; sourceTree = "<group>"; };
		76E2A4282A14B03C006BBF9E /* ErrorDTO.swift */ = {isa = PBXFileReference; lastKnownFileType = sourcecode.swift; path = ErrorDTO.swift; sourceTree = "<group>"; };
		76E2A42C2A14B193006BBF9E /* HTTPError.swift */ = {isa = PBXFileReference; lastKnownFileType = sourcecode.swift; path = HTTPError.swift; sourceTree = "<group>"; };
		76ED63E32A0DD3CF00BC5B1F /* MovieInformaionView.swift */ = {isa = PBXFileReference; lastKnownFileType = sourcecode.swift; path = MovieInformaionView.swift; sourceTree = "<group>"; };
		76FCD63C29FF4BF4009B0825 /* MovieInformation.swift */ = {isa = PBXFileReference; lastKnownFileType = sourcecode.swift; path = MovieInformation.swift; sourceTree = "<group>"; };
		F641FBB12A145328001F08DE /* CalanderViewController.swift */ = {isa = PBXFileReference; lastKnownFileType = sourcecode.swift; path = CalanderViewController.swift; sourceTree = "<group>"; };
		F659832C29FF44F2000F7BF7 /* MovieDetailInformationDTO.swift */ = {isa = PBXFileReference; lastKnownFileType = sourcecode.swift; path = MovieDetailInformationDTO.swift; sourceTree = "<group>"; };
		F659832E29FF4A19000F7BF7 /* ActorDTO.swift */ = {isa = PBXFileReference; lastKnownFileType = sourcecode.swift; path = ActorDTO.swift; sourceTree = "<group>"; };
		F659833029FF4AA2000F7BF7 /* StaffDTO.swift */ = {isa = PBXFileReference; lastKnownFileType = sourcecode.swift; path = StaffDTO.swift; sourceTree = "<group>"; };
		F659833229FF4ABE000F7BF7 /* AuditDTO.swift */ = {isa = PBXFileReference; lastKnownFileType = sourcecode.swift; path = AuditDTO.swift; sourceTree = "<group>"; };
		F659833429FF4AE7000F7BF7 /* CompanyDTO.swift */ = {isa = PBXFileReference; lastKnownFileType = sourcecode.swift; path = CompanyDTO.swift; sourceTree = "<group>"; };
		F659833629FF4AFF000F7BF7 /* DirectorDTO.swift */ = {isa = PBXFileReference; lastKnownFileType = sourcecode.swift; path = DirectorDTO.swift; sourceTree = "<group>"; };
		F659833829FF4B14000F7BF7 /* GenreDTO.swift */ = {isa = PBXFileReference; lastKnownFileType = sourcecode.swift; path = GenreDTO.swift; sourceTree = "<group>"; };
		F659833A29FF4B3A000F7BF7 /* NationDTO.swift */ = {isa = PBXFileReference; lastKnownFileType = sourcecode.swift; path = NationDTO.swift; sourceTree = "<group>"; };
		F659833C29FF4B55000F7BF7 /* ShowTypeDTO.swift */ = {isa = PBXFileReference; lastKnownFileType = sourcecode.swift; path = ShowTypeDTO.swift; sourceTree = "<group>"; };
		F659833E29FF4D95000F7BF7 /* MovieInformationDTO.swift */ = {isa = PBXFileReference; lastKnownFileType = sourcecode.swift; path = MovieInformationDTO.swift; sourceTree = "<group>"; };
		F659834029FF4DBC000F7BF7 /* MovieInfoResultDTO.swift */ = {isa = PBXFileReference; lastKnownFileType = sourcecode.swift; path = MovieInfoResultDTO.swift; sourceTree = "<group>"; };
		F659834229FF5A69000F7BF7 /* Convertable.swift */ = {isa = PBXFileReference; lastKnownFileType = sourcecode.swift; path = Convertable.swift; sourceTree = "<group>"; };
		F65983D62A03650B000F7BF7 /* MovieAPI.xcconfig */ = {isa = PBXFileReference; lastKnownFileType = text.xcconfig; path = MovieAPI.xcconfig; sourceTree = "<group>"; };
		F65984242A0CD703000F7BF7 /* DocumentDTO.swift */ = {isa = PBXFileReference; lastKnownFileType = sourcecode.swift; path = DocumentDTO.swift; sourceTree = "<group>"; };
		F65984262A0CD86B000F7BF7 /* PosterURLProviderDTO.swift */ = {isa = PBXFileReference; lastKnownFileType = sourcecode.swift; path = PosterURLProviderDTO.swift; sourceTree = "<group>"; };
		F659842A2A0CD893000F7BF7 /* MetaDTO.swift */ = {isa = PBXFileReference; lastKnownFileType = sourcecode.swift; path = MetaDTO.swift; sourceTree = "<group>"; };
		F659842D2A0CD944000F7BF7 /* MoviePoster.swift */ = {isa = PBXFileReference; lastKnownFileType = sourcecode.swift; path = MoviePoster.swift; sourceTree = "<group>"; };
		F66085B829F66A6C00A39D5A /* BoxOfficeTests.xctest */ = {isa = PBXFileReference; explicitFileType = wrapper.cfbundle; includeInIndex = 0; path = BoxOfficeTests.xctest; sourceTree = BUILT_PRODUCTS_DIR; };
		F66085BA29F66A6C00A39D5A /* BoxOfficeTests.swift */ = {isa = PBXFileReference; lastKnownFileType = sourcecode.swift; path = BoxOfficeTests.swift; sourceTree = "<group>"; };
		F66085C129F66B0C00A39D5A /* BoxOfficeData.json */ = {isa = PBXFileReference; lastKnownFileType = text.json; path = BoxOfficeData.json; sourceTree = "<group>"; };
		F66085D029F78F2600A39D5A /* DailyBoxOffice.swift */ = {isa = PBXFileReference; lastKnownFileType = sourcecode.swift; path = DailyBoxOffice.swift; sourceTree = "<group>"; };
		F66085D229F78F8700A39D5A /* Movie.swift */ = {isa = PBXFileReference; lastKnownFileType = sourcecode.swift; path = Movie.swift; sourceTree = "<group>"; };
		F68EF1052A21E39B00DA0768 /* KoficErrorDTO.swift */ = {isa = PBXFileReference; fileEncoding = 4; lastKnownFileType = sourcecode.swift; path = KoficErrorDTO.swift; sourceTree = "<group>"; };
		F6D6485C29FB5F390083247F /* EndPoint.swift */ = {isa = PBXFileReference; lastKnownFileType = sourcecode.swift; path = EndPoint.swift; sourceTree = "<group>"; };
		F6D6485E29FB65590083247F /* URLComponentError.swift */ = {isa = PBXFileReference; lastKnownFileType = sourcecode.swift; path = URLComponentError.swift; sourceTree = "<group>"; };
/* End PBXFileReference section */

/* Begin PBXFrameworksBuildPhase section */
		63DF20E82970E1A0005DF7D1 /* Frameworks */ = {
			isa = PBXFrameworksBuildPhase;
			buildActionMask = 2147483647;
			files = (
			);
			runOnlyForDeploymentPostprocessing = 0;
		};
		F66085B529F66A6C00A39D5A /* Frameworks */ = {
			isa = PBXFrameworksBuildPhase;
			buildActionMask = 2147483647;
			files = (
			);
			runOnlyForDeploymentPostprocessing = 0;
		};
/* End PBXFrameworksBuildPhase section */

/* Begin PBXGroup section */
		63DF20E22970E1A0005DF7D1 = {
			isa = PBXGroup;
			children = (
				63DF20ED2970E1A0005DF7D1 /* BoxOffice */,
				F66085B929F66A6C00A39D5A /* BoxOfficeTests */,
				63DF20EC2970E1A0005DF7D1 /* Products */,
			);
			sourceTree = "<group>";
		};
		63DF20EC2970E1A0005DF7D1 /* Products */ = {
			isa = PBXGroup;
			children = (
				63DF20EB2970E1A0005DF7D1 /* BoxOffice.app */,
				F66085B829F66A6C00A39D5A /* BoxOfficeTests.xctest */,
			);
			name = Products;
			sourceTree = "<group>";
		};
		63DF20ED2970E1A0005DF7D1 /* BoxOffice */ = {
			isa = PBXGroup;
			children = (
				F66085CF29F78F0E00A39D5A /* Model */,
				76A0843C2A00A2EC00799CEE /* View */,
				76A0843D2A00A2F100799CEE /* Controller */,
				7697227329FBADB0002D77E7 /* Error */,
				63DF20EE2970E1A0005DF7D1 /* AppDelegate.swift */,
				63DF20F02970E1A0005DF7D1 /* SceneDelegate.swift */,
				F65983D62A03650B000F7BF7 /* MovieAPI.xcconfig */,
				63DF20F72970E1A1005DF7D1 /* Assets.xcassets */,
				63DF20FC2970E1A1005DF7D1 /* Info.plist */,
			);
			path = BoxOffice;
			sourceTree = "<group>";
		};
		7697227329FBADB0002D77E7 /* Error */ = {
			isa = PBXGroup;
			children = (
				76E2A42C2A14B193006BBF9E /* HTTPError.swift */,
				F6D6485E29FB65590083247F /* URLComponentError.swift */,
				7697227429FBADC7002D77E7 /* NetworkError.swift */,
			);
			path = Error;
			sourceTree = "<group>";
		};
		76A084382A00A23100799CEE /* DailyBoxOffice */ = {
			isa = PBXGroup;
			children = (
				762E2B6D29FA41FC00551153 /* Audience.swift */,
				F66085D029F78F2600A39D5A /* DailyBoxOffice.swift */,
				F66085D229F78F8700A39D5A /* Movie.swift */,
				762E2B6B29FA411C00551153 /* Rank.swift */,
			);
			path = DailyBoxOffice;
			sourceTree = "<group>";
		};
		76A084392A00A26700799CEE /* MovieInformation */ = {
			isa = PBXGroup;
			children = (
				76FCD63C29FF4BF4009B0825 /* MovieInformation.swift */,
			);
			path = MovieInformation;
			sourceTree = "<group>";
		};
		76A0843A2A00A29700799CEE /* DailyBoxOffice */ = {
			isa = PBXGroup;
			children = (
				76D585DB29F775C800EAB343 /* DailyBoxOfficeDTO.swift */,
				76D585DD29F78AB700EAB343 /* DailyBoxOfficeResultDTO.swift */,
				76D585DF29F78B3400EAB343 /* BoxOfficeDTO.swift */,
			);
			path = DailyBoxOffice;
			sourceTree = "<group>";
		};
		76A0843B2A00A2B200799CEE /* MovieInformation */ = {
			isa = PBXGroup;
			children = (
				F659833E29FF4D95000F7BF7 /* MovieInformationDTO.swift */,
				F659834029FF4DBC000F7BF7 /* MovieInfoResultDTO.swift */,
				F659832C29FF44F2000F7BF7 /* MovieDetailInformationDTO.swift */,
				F659833C29FF4B55000F7BF7 /* ShowTypeDTO.swift */,
				F659833A29FF4B3A000F7BF7 /* NationDTO.swift */,
				F659833829FF4B14000F7BF7 /* GenreDTO.swift */,
				F659833629FF4AFF000F7BF7 /* DirectorDTO.swift */,
				F659833229FF4ABE000F7BF7 /* AuditDTO.swift */,
				F659832E29FF4A19000F7BF7 /* ActorDTO.swift */,
				F659833029FF4AA2000F7BF7 /* StaffDTO.swift */,
				F659833429FF4AE7000F7BF7 /* CompanyDTO.swift */,
			);
			path = MovieInformation;
			sourceTree = "<group>";
		};
		76A0843C2A00A2EC00799CEE /* View */ = {
			isa = PBXGroup;
			children = (
				76A084422A00DB2400799CEE /* MovieCollectionViewCell.swift */,
			);
			path = View;
			sourceTree = "<group>";
		};
		76A0843D2A00A2F100799CEE /* Controller */ = {
			isa = PBXGroup;
			children = (
				63DF20F22970E1A0005DF7D1 /* MovieViewController.swift */,
				76DFEF5B2A0CBE7B000FB85C /* MovieDetailViewController.swift */,
				76ED63E32A0DD3CF00BC5B1F /* MovieInformaionView.swift */,
				F641FBB12A145328001F08DE /* CalanderViewController.swift */,
			);
			path = Controller;
			sourceTree = "<group>";
		};
		76E2A4272A14AFA8006BBF9E /* Error */ = {
			isa = PBXGroup;
			children = (
				F68EF1052A21E39B00DA0768 /* KoficErrorDTO.swift */,
				76E2A4282A14B03C006BBF9E /* ErrorDTO.swift */,
			);
			path = Error;
			sourceTree = "<group>";
		};
		F65984232A0CD6E3000F7BF7 /* MoviePoster */ = {
			isa = PBXGroup;
			children = (
				F65984262A0CD86B000F7BF7 /* PosterURLProviderDTO.swift */,
				F65984242A0CD703000F7BF7 /* DocumentDTO.swift */,
				F659842A2A0CD893000F7BF7 /* MetaDTO.swift */,
			);
			path = MoviePoster;
			sourceTree = "<group>";
		};
		F659842C2A0CD933000F7BF7 /* MoviePoster */ = {
			isa = PBXGroup;
			children = (
				F659842D2A0CD944000F7BF7 /* MoviePoster.swift */,
			);
			path = MoviePoster;
			sourceTree = "<group>";
		};
		F66085B329F6612D00A39D5A /* DTO */ = {
			isa = PBXGroup;
			children = (
				76E2A4272A14AFA8006BBF9E /* Error */,
				F65984232A0CD6E3000F7BF7 /* MoviePoster */,
				76A0843B2A00A2B200799CEE /* MovieInformation */,
				76A0843A2A00A29700799CEE /* DailyBoxOffice */,
			);
			path = DTO;
			sourceTree = "<group>";
		};
		F66085B929F66A6C00A39D5A /* BoxOfficeTests */ = {
			isa = PBXGroup;
			children = (
				F66085BA29F66A6C00A39D5A /* BoxOfficeTests.swift */,
				F66085C129F66B0C00A39D5A /* BoxOfficeData.json */,
			);
			path = BoxOfficeTests;
			sourceTree = "<group>";
		};
		F66085CF29F78F0E00A39D5A /* Model */ = {
			isa = PBXGroup;
			children = (
				F659842C2A0CD933000F7BF7 /* MoviePoster */,
				76A084392A00A26700799CEE /* MovieInformation */,
				76A084382A00A23100799CEE /* DailyBoxOffice */,
				7697227129FBAA1D002D77E7 /* Networking.swift */,
				F659834229FF5A69000F7BF7 /* Convertable.swift */,
				F6D6485C29FB5F390083247F /* EndPoint.swift */,
				F66085B329F6612D00A39D5A /* DTO */,
			);
			path = Model;
			sourceTree = "<group>";
		};
/* End PBXGroup section */

/* Begin PBXNativeTarget section */
		63DF20EA2970E1A0005DF7D1 /* BoxOffice */ = {
			isa = PBXNativeTarget;
			buildConfigurationList = 63DF20FF2970E1A1005DF7D1 /* Build configuration list for PBXNativeTarget "BoxOffice" */;
			buildPhases = (
				63DF20E72970E1A0005DF7D1 /* Sources */,
				63DF20E82970E1A0005DF7D1 /* Frameworks */,
				63DF20E92970E1A0005DF7D1 /* Resources */,
			);
			buildRules = (
			);
			dependencies = (
			);
			name = BoxOffice;
			productName = BoxOffice;
			productReference = 63DF20EB2970E1A0005DF7D1 /* BoxOffice.app */;
			productType = "com.apple.product-type.application";
		};
		F66085B729F66A6C00A39D5A /* BoxOfficeTests */ = {
			isa = PBXNativeTarget;
			buildConfigurationList = F66085C029F66A6C00A39D5A /* Build configuration list for PBXNativeTarget "BoxOfficeTests" */;
			buildPhases = (
				F66085B429F66A6C00A39D5A /* Sources */,
				F66085B529F66A6C00A39D5A /* Frameworks */,
				F66085B629F66A6C00A39D5A /* Resources */,
			);
			buildRules = (
			);
			dependencies = (
				F66085BD29F66A6C00A39D5A /* PBXTargetDependency */,
			);
			name = BoxOfficeTests;
			productName = BoxOfficeTests;
			productReference = F66085B829F66A6C00A39D5A /* BoxOfficeTests.xctest */;
			productType = "com.apple.product-type.bundle.unit-test";
		};
/* End PBXNativeTarget section */

/* Begin PBXProject section */
		63DF20E32970E1A0005DF7D1 /* Project object */ = {
			isa = PBXProject;
			attributes = {
				BuildIndependentTargetsInParallel = 1;
				LastSwiftUpdateCheck = 1430;
				LastUpgradeCheck = 1420;
				TargetAttributes = {
					63DF20EA2970E1A0005DF7D1 = {
						CreatedOnToolsVersion = 14.2;
					};
					F66085B729F66A6C00A39D5A = {
						CreatedOnToolsVersion = 14.3;
						TestTargetID = 63DF20EA2970E1A0005DF7D1;
					};
				};
			};
			buildConfigurationList = 63DF20E62970E1A0005DF7D1 /* Build configuration list for PBXProject "BoxOffice" */;
			compatibilityVersion = "Xcode 14.0";
			developmentRegion = en;
			hasScannedForEncodings = 0;
			knownRegions = (
				en,
				Base,
			);
			mainGroup = 63DF20E22970E1A0005DF7D1;
			productRefGroup = 63DF20EC2970E1A0005DF7D1 /* Products */;
			projectDirPath = "";
			projectRoot = "";
			targets = (
				63DF20EA2970E1A0005DF7D1 /* BoxOffice */,
				F66085B729F66A6C00A39D5A /* BoxOfficeTests */,
			);
		};
/* End PBXProject section */

/* Begin PBXResourcesBuildPhase section */
		63DF20E92970E1A0005DF7D1 /* Resources */ = {
			isa = PBXResourcesBuildPhase;
			buildActionMask = 2147483647;
			files = (
				63DF20F82970E1A1005DF7D1 /* Assets.xcassets in Resources */,
			);
			runOnlyForDeploymentPostprocessing = 0;
		};
		F66085B629F66A6C00A39D5A /* Resources */ = {
			isa = PBXResourcesBuildPhase;
			buildActionMask = 2147483647;
			files = (
				F66085D629F7A00800A39D5A /* BoxOfficeData.json in Resources */,
			);
			runOnlyForDeploymentPostprocessing = 0;
		};
/* End PBXResourcesBuildPhase section */

/* Begin PBXSourcesBuildPhase section */
		63DF20E72970E1A0005DF7D1 /* Sources */ = {
			isa = PBXSourcesBuildPhase;
			buildActionMask = 2147483647;
			files = (
				7697227229FBAA1D002D77E7 /* Networking.swift in Sources */,
				F659833F29FF4D95000F7BF7 /* MovieInformationDTO.swift in Sources */,
				7697227529FBADC7002D77E7 /* NetworkError.swift in Sources */,
				76E2A42D2A14B193006BBF9E /* HTTPError.swift in Sources */,
				F659842B2A0CD893000F7BF7 /* MetaDTO.swift in Sources */,
				76E2A4292A14B03C006BBF9E /* ErrorDTO.swift in Sources */,
				F659834129FF4DBC000F7BF7 /* MovieInfoResultDTO.swift in Sources */,
				76D585E029F78B3400EAB343 /* BoxOfficeDTO.swift in Sources */,
				F659833529FF4AE7000F7BF7 /* CompanyDTO.swift in Sources */,
				76D585DC29F775C800EAB343 /* DailyBoxOfficeDTO.swift in Sources */,
				F659832D29FF44F2000F7BF7 /* MovieDetailInformationDTO.swift in Sources */,
				F66085D129F78F2600A39D5A /* DailyBoxOffice.swift in Sources */,
				F641FBB22A145328001F08DE /* CalanderViewController.swift in Sources */,
				76FCD63D29FF4BF4009B0825 /* MovieInformation.swift in Sources */,
				76D585DE29F78AB700EAB343 /* DailyBoxOfficeResultDTO.swift in Sources */,
				63DF20F32970E1A0005DF7D1 /* MovieViewController.swift in Sources */,
				F659833129FF4AA2000F7BF7 /* StaffDTO.swift in Sources */,
				63DF20EF2970E1A0005DF7D1 /* AppDelegate.swift in Sources */,
				F6D6485F29FB65590083247F /* URLComponentError.swift in Sources */,
				F659833329FF4ABE000F7BF7 /* AuditDTO.swift in Sources */,
				F6D6485D29FB5F390083247F /* EndPoint.swift in Sources */,
				F659833D29FF4B55000F7BF7 /* ShowTypeDTO.swift in Sources */,
				F65984272A0CD86B000F7BF7 /* PosterURLProviderDTO.swift in Sources */,
				762E2B6C29FA411C00551153 /* Rank.swift in Sources */,
				F659833929FF4B14000F7BF7 /* GenreDTO.swift in Sources */,
				F659833729FF4AFF000F7BF7 /* DirectorDTO.swift in Sources */,
				76DFEF5C2A0CBE7B000FB85C /* MovieDetailViewController.swift in Sources */,
				76A084432A00DB2400799CEE /* MovieCollectionViewCell.swift in Sources */,
				762E2B6E29FA41FC00551153 /* Audience.swift in Sources */,
				F659833B29FF4B3A000F7BF7 /* NationDTO.swift in Sources */,
				76ED63E42A0DD3CF00BC5B1F /* MovieInformaionView.swift in Sources */,
				F68EF1062A21E39B00DA0768 /* KoficErrorDTO.swift in Sources */,
				F659834329FF5A69000F7BF7 /* Convertable.swift in Sources */,
				F66085D329F78F8700A39D5A /* Movie.swift in Sources */,
				F659832F29FF4A19000F7BF7 /* ActorDTO.swift in Sources */,
				F65984252A0CD703000F7BF7 /* DocumentDTO.swift in Sources */,
				63DF20F12970E1A0005DF7D1 /* SceneDelegate.swift in Sources */,
				F659842E2A0CD944000F7BF7 /* MoviePoster.swift in Sources */,
			);
			runOnlyForDeploymentPostprocessing = 0;
		};
		F66085B429F66A6C00A39D5A /* Sources */ = {
			isa = PBXSourcesBuildPhase;
			buildActionMask = 2147483647;
			files = (
				F66085CD29F78C3900A39D5A /* DailyBoxOfficeResultDTO.swift in Sources */,
				762E2B7029FA45D900551153 /* Rank.swift in Sources */,
				F66085CE29F78C3C00A39D5A /* DailyBoxOfficeDTO.swift in Sources */,
				F66085BB29F66A6C00A39D5A /* BoxOfficeTests.swift in Sources */,
				F66085CC29F78C3700A39D5A /* BoxOfficeDTO.swift in Sources */,
				F66085D429F79F0900A39D5A /* Movie.swift in Sources */,
				762E2B6F29FA45D700551153 /* Audience.swift in Sources */,
				F66085D529F79F0B00A39D5A /* DailyBoxOffice.swift in Sources */,
			);
			runOnlyForDeploymentPostprocessing = 0;
		};
/* End PBXSourcesBuildPhase section */

/* Begin PBXTargetDependency section */
		F66085BD29F66A6C00A39D5A /* PBXTargetDependency */ = {
			isa = PBXTargetDependency;
			target = 63DF20EA2970E1A0005DF7D1 /* BoxOffice */;
			targetProxy = F66085BC29F66A6C00A39D5A /* PBXContainerItemProxy */;
		};
/* End PBXTargetDependency section */

/* Begin XCBuildConfiguration section */
		63DF20FD2970E1A1005DF7D1 /* Debug */ = {
			isa = XCBuildConfiguration;
			baseConfigurationReference = F65983D62A03650B000F7BF7 /* MovieAPI.xcconfig */;
			buildSettings = {
				ALWAYS_SEARCH_USER_PATHS = NO;
				CLANG_ANALYZER_NONNULL = YES;
				CLANG_ANALYZER_NUMBER_OBJECT_CONVERSION = YES_AGGRESSIVE;
				CLANG_CXX_LANGUAGE_STANDARD = "gnu++20";
				CLANG_ENABLE_MODULES = YES;
				CLANG_ENABLE_OBJC_ARC = YES;
				CLANG_ENABLE_OBJC_WEAK = YES;
				CLANG_WARN_BLOCK_CAPTURE_AUTORELEASING = YES;
				CLANG_WARN_BOOL_CONVERSION = YES;
				CLANG_WARN_COMMA = YES;
				CLANG_WARN_CONSTANT_CONVERSION = YES;
				CLANG_WARN_DEPRECATED_OBJC_IMPLEMENTATIONS = YES;
				CLANG_WARN_DIRECT_OBJC_ISA_USAGE = YES_ERROR;
				CLANG_WARN_DOCUMENTATION_COMMENTS = YES;
				CLANG_WARN_EMPTY_BODY = YES;
				CLANG_WARN_ENUM_CONVERSION = YES;
				CLANG_WARN_INFINITE_RECURSION = YES;
				CLANG_WARN_INT_CONVERSION = YES;
				CLANG_WARN_NON_LITERAL_NULL_CONVERSION = YES;
				CLANG_WARN_OBJC_IMPLICIT_RETAIN_SELF = YES;
				CLANG_WARN_OBJC_LITERAL_CONVERSION = YES;
				CLANG_WARN_OBJC_ROOT_CLASS = YES_ERROR;
				CLANG_WARN_QUOTED_INCLUDE_IN_FRAMEWORK_HEADER = YES;
				CLANG_WARN_RANGE_LOOP_ANALYSIS = YES;
				CLANG_WARN_STRICT_PROTOTYPES = YES;
				CLANG_WARN_SUSPICIOUS_MOVE = YES;
				CLANG_WARN_UNGUARDED_AVAILABILITY = YES_AGGRESSIVE;
				CLANG_WARN_UNREACHABLE_CODE = YES;
				CLANG_WARN__DUPLICATE_METHOD_MATCH = YES;
				COPY_PHASE_STRIP = NO;
				DEBUG_INFORMATION_FORMAT = dwarf;
				ENABLE_STRICT_OBJC_MSGSEND = YES;
				ENABLE_TESTABILITY = YES;
				GCC_C_LANGUAGE_STANDARD = gnu11;
				GCC_DYNAMIC_NO_PIC = NO;
				GCC_NO_COMMON_BLOCKS = YES;
				GCC_OPTIMIZATION_LEVEL = 0;
				GCC_PREPROCESSOR_DEFINITIONS = (
					"DEBUG=1",
					"$(inherited)",
				);
				GCC_WARN_64_TO_32_BIT_CONVERSION = YES;
				GCC_WARN_ABOUT_RETURN_TYPE = YES_ERROR;
				GCC_WARN_UNDECLARED_SELECTOR = YES;
				GCC_WARN_UNINITIALIZED_AUTOS = YES_AGGRESSIVE;
				GCC_WARN_UNUSED_FUNCTION = YES;
				GCC_WARN_UNUSED_VARIABLE = YES;
				IPHONEOS_DEPLOYMENT_TARGET = 16.0;
				MTL_ENABLE_DEBUG_INFO = INCLUDE_SOURCE;
				MTL_FAST_MATH = YES;
				ONLY_ACTIVE_ARCH = YES;
				SDKROOT = iphoneos;
				SWIFT_ACTIVE_COMPILATION_CONDITIONS = DEBUG;
				SWIFT_OPTIMIZATION_LEVEL = "-Onone";
			};
			name = Debug;
		};
		63DF20FE2970E1A1005DF7D1 /* Release */ = {
			isa = XCBuildConfiguration;
			baseConfigurationReference = F65983D62A03650B000F7BF7 /* MovieAPI.xcconfig */;
			buildSettings = {
				ALWAYS_SEARCH_USER_PATHS = NO;
				CLANG_ANALYZER_NONNULL = YES;
				CLANG_ANALYZER_NUMBER_OBJECT_CONVERSION = YES_AGGRESSIVE;
				CLANG_CXX_LANGUAGE_STANDARD = "gnu++20";
				CLANG_ENABLE_MODULES = YES;
				CLANG_ENABLE_OBJC_ARC = YES;
				CLANG_ENABLE_OBJC_WEAK = YES;
				CLANG_WARN_BLOCK_CAPTURE_AUTORELEASING = YES;
				CLANG_WARN_BOOL_CONVERSION = YES;
				CLANG_WARN_COMMA = YES;
				CLANG_WARN_CONSTANT_CONVERSION = YES;
				CLANG_WARN_DEPRECATED_OBJC_IMPLEMENTATIONS = YES;
				CLANG_WARN_DIRECT_OBJC_ISA_USAGE = YES_ERROR;
				CLANG_WARN_DOCUMENTATION_COMMENTS = YES;
				CLANG_WARN_EMPTY_BODY = YES;
				CLANG_WARN_ENUM_CONVERSION = YES;
				CLANG_WARN_INFINITE_RECURSION = YES;
				CLANG_WARN_INT_CONVERSION = YES;
				CLANG_WARN_NON_LITERAL_NULL_CONVERSION = YES;
				CLANG_WARN_OBJC_IMPLICIT_RETAIN_SELF = YES;
				CLANG_WARN_OBJC_LITERAL_CONVERSION = YES;
				CLANG_WARN_OBJC_ROOT_CLASS = YES_ERROR;
				CLANG_WARN_QUOTED_INCLUDE_IN_FRAMEWORK_HEADER = YES;
				CLANG_WARN_RANGE_LOOP_ANALYSIS = YES;
				CLANG_WARN_STRICT_PROTOTYPES = YES;
				CLANG_WARN_SUSPICIOUS_MOVE = YES;
				CLANG_WARN_UNGUARDED_AVAILABILITY = YES_AGGRESSIVE;
				CLANG_WARN_UNREACHABLE_CODE = YES;
				CLANG_WARN__DUPLICATE_METHOD_MATCH = YES;
				COPY_PHASE_STRIP = NO;
				DEBUG_INFORMATION_FORMAT = "dwarf-with-dsym";
				ENABLE_NS_ASSERTIONS = NO;
				ENABLE_STRICT_OBJC_MSGSEND = YES;
				GCC_C_LANGUAGE_STANDARD = gnu11;
				GCC_NO_COMMON_BLOCKS = YES;
				GCC_WARN_64_TO_32_BIT_CONVERSION = YES;
				GCC_WARN_ABOUT_RETURN_TYPE = YES_ERROR;
				GCC_WARN_UNDECLARED_SELECTOR = YES;
				GCC_WARN_UNINITIALIZED_AUTOS = YES_AGGRESSIVE;
				GCC_WARN_UNUSED_FUNCTION = YES;
				GCC_WARN_UNUSED_VARIABLE = YES;
				IPHONEOS_DEPLOYMENT_TARGET = 16.0;
				MTL_ENABLE_DEBUG_INFO = NO;
				MTL_FAST_MATH = YES;
				SDKROOT = iphoneos;
				SWIFT_COMPILATION_MODE = wholemodule;
				SWIFT_OPTIMIZATION_LEVEL = "-O";
				VALIDATE_PRODUCT = YES;
			};
			name = Release;
		};
		63DF21002970E1A1005DF7D1 /* Debug */ = {
			isa = XCBuildConfiguration;
			buildSettings = {
				ASSETCATALOG_COMPILER_APPICON_NAME = AppIcon;
				ASSETCATALOG_COMPILER_GLOBAL_ACCENT_COLOR_NAME = AccentColor;
				CODE_SIGN_STYLE = Automatic;
				CURRENT_PROJECT_VERSION = 1;
				GENERATE_INFOPLIST_FILE = YES;
				INFOPLIST_FILE = BoxOffice/Info.plist;
				INFOPLIST_KEY_UIApplicationSupportsIndirectInputEvents = YES;
				INFOPLIST_KEY_UILaunchStoryboardName = LaunchScreen;
				INFOPLIST_KEY_UISupportedInterfaceOrientations_iPad = "UIInterfaceOrientationPortrait UIInterfaceOrientationPortraitUpsideDown UIInterfaceOrientationLandscapeLeft UIInterfaceOrientationLandscapeRight";
				INFOPLIST_KEY_UISupportedInterfaceOrientations_iPhone = "UIInterfaceOrientationPortrait UIInterfaceOrientationLandscapeLeft UIInterfaceOrientationLandscapeRight";
				IPHONEOS_DEPLOYMENT_TARGET = 16.0;
				LD_RUNPATH_SEARCH_PATHS = (
					"$(inherited)",
					"@executable_path/Frameworks",
				);
				MARKETING_VERSION = 1.0;
				PRODUCT_BUNDLE_IDENTIFIER = net.yagom.BoxOffice;
				PRODUCT_NAME = "$(TARGET_NAME)";
				SWIFT_EMIT_LOC_STRINGS = YES;
				SWIFT_VERSION = 5.0;
				TARGETED_DEVICE_FAMILY = "1,2";
			};
			name = Debug;
		};
		63DF21012970E1A1005DF7D1 /* Release */ = {
			isa = XCBuildConfiguration;
			buildSettings = {
				ASSETCATALOG_COMPILER_APPICON_NAME = AppIcon;
				ASSETCATALOG_COMPILER_GLOBAL_ACCENT_COLOR_NAME = AccentColor;
				CODE_SIGN_STYLE = Automatic;
				CURRENT_PROJECT_VERSION = 1;
				GENERATE_INFOPLIST_FILE = YES;
				INFOPLIST_FILE = BoxOffice/Info.plist;
				INFOPLIST_KEY_UIApplicationSupportsIndirectInputEvents = YES;
				INFOPLIST_KEY_UILaunchStoryboardName = LaunchScreen;
				INFOPLIST_KEY_UISupportedInterfaceOrientations_iPad = "UIInterfaceOrientationPortrait UIInterfaceOrientationPortraitUpsideDown UIInterfaceOrientationLandscapeLeft UIInterfaceOrientationLandscapeRight";
				INFOPLIST_KEY_UISupportedInterfaceOrientations_iPhone = "UIInterfaceOrientationPortrait UIInterfaceOrientationLandscapeLeft UIInterfaceOrientationLandscapeRight";
				IPHONEOS_DEPLOYMENT_TARGET = 16.0;
				LD_RUNPATH_SEARCH_PATHS = (
					"$(inherited)",
					"@executable_path/Frameworks",
				);
				MARKETING_VERSION = 1.0;
				PRODUCT_BUNDLE_IDENTIFIER = net.yagom.BoxOffice;
				PRODUCT_NAME = "$(TARGET_NAME)";
				SWIFT_EMIT_LOC_STRINGS = YES;
				SWIFT_VERSION = 5.0;
				TARGETED_DEVICE_FAMILY = "1,2";
			};
			name = Release;
		};
		F66085BE29F66A6C00A39D5A /* Debug */ = {
			isa = XCBuildConfiguration;
			buildSettings = {
				BUNDLE_LOADER = "$(TEST_HOST)";
				CODE_SIGN_STYLE = Automatic;
				CURRENT_PROJECT_VERSION = 1;
				GENERATE_INFOPLIST_FILE = YES;
				IPHONEOS_DEPLOYMENT_TARGET = 14.0;
				MARKETING_VERSION = 1.0;
				PRODUCT_BUNDLE_IDENTIFIER = ooj.BoxOfficeTests;
				PRODUCT_NAME = "$(TARGET_NAME)";
				SWIFT_EMIT_LOC_STRINGS = NO;
				SWIFT_VERSION = 5.0;
				TARGETED_DEVICE_FAMILY = "1,2";
				TEST_HOST = "$(BUILT_PRODUCTS_DIR)/BoxOffice.app/$(BUNDLE_EXECUTABLE_FOLDER_PATH)/BoxOffice";
			};
			name = Debug;
		};
		F66085BF29F66A6C00A39D5A /* Release */ = {
			isa = XCBuildConfiguration;
			buildSettings = {
				BUNDLE_LOADER = "$(TEST_HOST)";
				CODE_SIGN_STYLE = Automatic;
				CURRENT_PROJECT_VERSION = 1;
				GENERATE_INFOPLIST_FILE = YES;
				IPHONEOS_DEPLOYMENT_TARGET = 14.0;
				MARKETING_VERSION = 1.0;
				PRODUCT_BUNDLE_IDENTIFIER = ooj.BoxOfficeTests;
				PRODUCT_NAME = "$(TARGET_NAME)";
				SWIFT_EMIT_LOC_STRINGS = NO;
				SWIFT_VERSION = 5.0;
				TARGETED_DEVICE_FAMILY = "1,2";
				TEST_HOST = "$(BUILT_PRODUCTS_DIR)/BoxOffice.app/$(BUNDLE_EXECUTABLE_FOLDER_PATH)/BoxOffice";
			};
			name = Release;
		};
/* End XCBuildConfiguration section */

/* Begin XCConfigurationList section */
		63DF20E62970E1A0005DF7D1 /* Build configuration list for PBXProject "BoxOffice" */ = {
			isa = XCConfigurationList;
			buildConfigurations = (
				63DF20FD2970E1A1005DF7D1 /* Debug */,
				63DF20FE2970E1A1005DF7D1 /* Release */,
			);
			defaultConfigurationIsVisible = 0;
			defaultConfigurationName = Release;
		};
		63DF20FF2970E1A1005DF7D1 /* Build configuration list for PBXNativeTarget "BoxOffice" */ = {
			isa = XCConfigurationList;
			buildConfigurations = (
				63DF21002970E1A1005DF7D1 /* Debug */,
				63DF21012970E1A1005DF7D1 /* Release */,
			);
			defaultConfigurationIsVisible = 0;
			defaultConfigurationName = Release;
		};
		F66085C029F66A6C00A39D5A /* Build configuration list for PBXNativeTarget "BoxOfficeTests" */ = {
			isa = XCConfigurationList;
			buildConfigurations = (
				F66085BE29F66A6C00A39D5A /* Debug */,
				F66085BF29F66A6C00A39D5A /* Release */,
			);
			defaultConfigurationIsVisible = 0;
			defaultConfigurationName = Release;
		};
/* End XCConfigurationList section */
	};
	rootObject = 63DF20E32970E1A0005DF7D1 /* Project object */;
}
