// !$*UTF8*$!
{
	archiveVersion = 1;
	classes = {
	};
	objectVersion = 56;
	objects = {

/* Begin PBXBuildFile section */
		63DF20EF2970E1A0005DF7D1 /* AppDelegate.swift in Sources */ = {isa = PBXBuildFile; fileRef = 63DF20EE2970E1A0005DF7D1 /* AppDelegate.swift */; };
		63DF20F12970E1A0005DF7D1 /* SceneDelegate.swift in Sources */ = {isa = PBXBuildFile; fileRef = 63DF20F02970E1A0005DF7D1 /* SceneDelegate.swift */; };
		63DF20F32970E1A0005DF7D1 /* ViewController.swift in Sources */ = {isa = PBXBuildFile; fileRef = 63DF20F22970E1A0005DF7D1 /* ViewController.swift */; };
		63DF20F62970E1A0005DF7D1 /* Main.storyboard in Resources */ = {isa = PBXBuildFile; fileRef = 63DF20F42970E1A0005DF7D1 /* Main.storyboard */; };
		63DF20F82970E1A1005DF7D1 /* Assets.xcassets in Resources */ = {isa = PBXBuildFile; fileRef = 63DF20F72970E1A1005DF7D1 /* Assets.xcassets */; };
		63DF20FB2970E1A1005DF7D1 /* LaunchScreen.storyboard in Resources */ = {isa = PBXBuildFile; fileRef = 63DF20F92970E1A1005DF7D1 /* LaunchScreen.storyboard */; };
		894DE28B2B7B7CE800ED865A /* SearchDailyBoxOfficeDTO.swift in Sources */ = {isa = PBXBuildFile; fileRef = 894DE28A2B7B7CE800ED865A /* SearchDailyBoxOfficeDTO.swift */; };
		894DE2AD2B7DE8F500ED865A /* SearchMovieInfoDTO.swift in Sources */ = {isa = PBXBuildFile; fileRef = 894DE2AC2B7DE8F500ED865A /* SearchMovieInfoDTO.swift */; };
		894DE2F32B88343E00ED865A /* BoxOfficeCollectionViewCell.swift in Sources */ = {isa = PBXBuildFile; fileRef = 894DE2F22B88343E00ED865A /* BoxOfficeCollectionViewCell.swift */; };
		89E11F102B7B520E00BC3D1A /* .swiftlint.yml in Resources */ = {isa = PBXBuildFile; fileRef = 89E11F0F2B7B520E00BC3D1A /* .swiftlint.yml */; };
		F416AFDA2B88A464004D8234 /* BoxOfficeListDataSource.swift in Sources */ = {isa = PBXBuildFile; fileRef = F416AFD92B88A464004D8234 /* BoxOfficeListDataSource.swift */; };
		F416AFDC2B88A4A5004D8234 /* BoxOfficeCollectionView.swift in Sources */ = {isa = PBXBuildFile; fileRef = F416AFDB2B88A4A5004D8234 /* BoxOfficeCollectionView.swift */; };
		F416AFDE2B88C72D004D8234 /* MovieStatus.swift in Sources */ = {isa = PBXBuildFile; fileRef = F416AFDD2B88C72C004D8234 /* MovieStatus.swift */; };
		F416AFE02B89CA2A004D8234 /* RiseOrFallStackView.swift in Sources */ = {isa = PBXBuildFile; fileRef = F416AFDF2B89CA2A004D8234 /* RiseOrFallStackView.swift */; };
		F44E98562B7C774A003F61EF /* BoxOfficeTests.swift in Sources */ = {isa = PBXBuildFile; fileRef = F44E98552B7C774A003F61EF /* BoxOfficeTests.swift */; };
		F44E985C2B7C775F003F61EF /* SearchDailyBoxOfficeDTO.swift in Sources */ = {isa = PBXBuildFile; fileRef = 894DE28A2B7B7CE800ED865A /* SearchDailyBoxOfficeDTO.swift */; };
		F44E985E2B7C7A11003F61EF /* box-office-temp.json in Resources */ = {isa = PBXBuildFile; fileRef = F44E985D2B7C7A11003F61EF /* box-office-temp.json */; };
		F44E98612B7C7AF7003F61EF /* FileProvidable.swift in Sources */ = {isa = PBXBuildFile; fileRef = F44E98602B7C7AF7003F61EF /* FileProvidable.swift */; };
		F44E98632B7C7B23003F61EF /* FileExtension.swift in Sources */ = {isa = PBXBuildFile; fileRef = F44E98622B7C7B23003F61EF /* FileExtension.swift */; };
		F44E98652B7C7C23003F61EF /* BundleResourceError.swift in Sources */ = {isa = PBXBuildFile; fileRef = F44E98642B7C7C23003F61EF /* BundleResourceError.swift */; };
		F44E98672B7C7C41003F61EF /* BundleResourceManager.swift in Sources */ = {isa = PBXBuildFile; fileRef = F44E98662B7C7C41003F61EF /* BundleResourceManager.swift */; };
		F44E988E2B7DF621003F61EF /* SearchMovieInfoTests.swift in Sources */ = {isa = PBXBuildFile; fileRef = F44E988D2B7DF621003F61EF /* SearchMovieInfoTests.swift */; };
		F44E98902B7DF676003F61EF /* search-movie-info.json in Resources */ = {isa = PBXBuildFile; fileRef = F44E988F2B7DF676003F61EF /* search-movie-info.json */; };
		F44E98942B825E13003F61EF /* NetworkService.swift in Sources */ = {isa = PBXBuildFile; fileRef = F44E98932B825E13003F61EF /* NetworkService.swift */; };
		F44E98962B8266A3003F61EF /* DataRequestable.swift in Sources */ = {isa = PBXBuildFile; fileRef = F44E98952B8266A3003F61EF /* DataRequestable.swift */; };
		F44E989B2B826A99003F61EF /* MovieRepository.swift in Sources */ = {isa = PBXBuildFile; fileRef = F44E989A2B826A99003F61EF /* MovieRepository.swift */; };
		F44E98A02B82E662003F61EF /* NetworkServiceError.swift in Sources */ = {isa = PBXBuildFile; fileRef = F44E989F2B82E662003F61EF /* NetworkServiceError.swift */; };
		F44E98A42B82EF2E003F61EF /* MovieRepositoryError.swift in Sources */ = {isa = PBXBuildFile; fileRef = F44E98A32B82EF2E003F61EF /* MovieRepositoryError.swift */; };
		F44E98B82B848BA1003F61EF /* NetworkRequestable.swift in Sources */ = {isa = PBXBuildFile; fileRef = F44E98B72B848BA1003F61EF /* NetworkRequestable.swift */; };
		F44E98BA2B848C07003F61EF /* URLSession+NetworkRequestable.swift in Sources */ = {isa = PBXBuildFile; fileRef = F44E98B92B848C07003F61EF /* URLSession+NetworkRequestable.swift */; };
		F44E98C12B849241003F61EF /* MovieRepositoryTests.swift in Sources */ = {isa = PBXBuildFile; fileRef = F44E98C02B849241003F61EF /* MovieRepositoryTests.swift */; };
		F44E98C42B849DB0003F61EF /* MockURLSession.swift in Sources */ = {isa = PBXBuildFile; fileRef = F44E98C32B849DB0003F61EF /* MockURLSession.swift */; };
		F44E98C62B849DFB003F61EF /* MockNetworkService.swift in Sources */ = {isa = PBXBuildFile; fileRef = F44E98C52B849DFB003F61EF /* MockNetworkService.swift */; };
		F44E98CB2B84DF56003F61EF /* MovieRepositoryProtocol.swift in Sources */ = {isa = PBXBuildFile; fileRef = F44E98CA2B84DF56003F61EF /* MovieRepositoryProtocol.swift */; };
		F4CC09832B86E69A00922A35 /* NetworkRequestBuilderProtocol.swift in Sources */ = {isa = PBXBuildFile; fileRef = F4CC09822B86E69A00922A35 /* NetworkRequestBuilderProtocol.swift */; };
		F4CC09A32B87C2D700922A35 /* DailyBoxOffice.swift in Sources */ = {isa = PBXBuildFile; fileRef = F4CC09A22B87C2D700922A35 /* DailyBoxOffice.swift */; };
		F4CC09A72B87C7E300922A35 /* DomainConvertible.swift in Sources */ = {isa = PBXBuildFile; fileRef = F4CC09A62B87C7E300922A35 /* DomainConvertible.swift */; };
		F4CC09A92B87D68A00922A35 /* MovieUseCaseProtocol.swift in Sources */ = {isa = PBXBuildFile; fileRef = F4CC09A82B87D68A00922A35 /* MovieUseCaseProtocol.swift */; };
		F4CC09AB2B87DBEC00922A35 /* MovieUseCaseError.swift in Sources */ = {isa = PBXBuildFile; fileRef = F4CC09AA2B87DBEC00922A35 /* MovieUseCaseError.swift */; };
		F4CC09AE2B87DC0600922A35 /* MovieUseCase.swift in Sources */ = {isa = PBXBuildFile; fileRef = F4CC09AD2B87DC0600922A35 /* MovieUseCase.swift */; };
		F4CC09B12B87DC7D00922A35 /* BoxOfficeViewModel.swift in Sources */ = {isa = PBXBuildFile; fileRef = F4CC09B02B87DC7D00922A35 /* BoxOfficeViewModel.swift */; };
		F4CC09B52B87E3BA00922A35 /* BoxOfficeInput.swift in Sources */ = {isa = PBXBuildFile; fileRef = F4CC09B42B87E3BA00922A35 /* BoxOfficeInput.swift */; };
		F4CC09B72B87E46600922A35 /* BoxOfficeOutput.swift in Sources */ = {isa = PBXBuildFile; fileRef = F4CC09B62B87E46600922A35 /* BoxOfficeOutput.swift */; };
/* End PBXBuildFile section */

/* Begin PBXContainerItemProxy section */
		F44E98572B7C774A003F61EF /* PBXContainerItemProxy */ = {
			isa = PBXContainerItemProxy;
			containerPortal = 63DF20E32970E1A0005DF7D1 /* Project object */;
			proxyType = 1;
			remoteGlobalIDString = 63DF20EA2970E1A0005DF7D1;
			remoteInfo = BoxOffice;
		};
/* End PBXContainerItemProxy section */

/* Begin PBXFileReference section */
		63DF20EB2970E1A0005DF7D1 /* BoxOffice.app */ = {isa = PBXFileReference; explicitFileType = wrapper.application; includeInIndex = 0; path = BoxOffice.app; sourceTree = BUILT_PRODUCTS_DIR; };
		63DF20EE2970E1A0005DF7D1 /* AppDelegate.swift */ = {isa = PBXFileReference; lastKnownFileType = sourcecode.swift; path = AppDelegate.swift; sourceTree = "<group>"; };
		63DF20F02970E1A0005DF7D1 /* SceneDelegate.swift */ = {isa = PBXFileReference; lastKnownFileType = sourcecode.swift; path = SceneDelegate.swift; sourceTree = "<group>"; };
		63DF20F22970E1A0005DF7D1 /* ViewController.swift */ = {isa = PBXFileReference; lastKnownFileType = sourcecode.swift; path = ViewController.swift; sourceTree = "<group>"; };
		63DF20F52970E1A0005DF7D1 /* Base */ = {isa = PBXFileReference; lastKnownFileType = file.storyboard; name = Base; path = Base.lproj/Main.storyboard; sourceTree = "<group>"; };
		63DF20F72970E1A1005DF7D1 /* Assets.xcassets */ = {isa = PBXFileReference; lastKnownFileType = folder.assetcatalog; path = Assets.xcassets; sourceTree = "<group>"; };
		63DF20FA2970E1A1005DF7D1 /* Base */ = {isa = PBXFileReference; lastKnownFileType = file.storyboard; name = Base; path = Base.lproj/LaunchScreen.storyboard; sourceTree = "<group>"; };
		63DF20FC2970E1A1005DF7D1 /* Info.plist */ = {isa = PBXFileReference; lastKnownFileType = text.plist.xml; path = Info.plist; sourceTree = "<group>"; };
		894DE28A2B7B7CE800ED865A /* SearchDailyBoxOfficeDTO.swift */ = {isa = PBXFileReference; lastKnownFileType = sourcecode.swift; path = SearchDailyBoxOfficeDTO.swift; sourceTree = "<group>"; };
		894DE2AC2B7DE8F500ED865A /* SearchMovieInfoDTO.swift */ = {isa = PBXFileReference; lastKnownFileType = sourcecode.swift; path = SearchMovieInfoDTO.swift; sourceTree = "<group>"; };
		894DE2F22B88343E00ED865A /* BoxOfficeCollectionViewCell.swift */ = {isa = PBXFileReference; lastKnownFileType = sourcecode.swift; path = BoxOfficeCollectionViewCell.swift; sourceTree = "<group>"; };
		89E11F0F2B7B520E00BC3D1A /* .swiftlint.yml */ = {isa = PBXFileReference; lastKnownFileType = text.yaml; path = .swiftlint.yml; sourceTree = "<group>"; };
		F416AFD92B88A464004D8234 /* BoxOfficeListDataSource.swift */ = {isa = PBXFileReference; lastKnownFileType = sourcecode.swift; path = BoxOfficeListDataSource.swift; sourceTree = "<group>"; };
		F416AFDB2B88A4A5004D8234 /* BoxOfficeCollectionView.swift */ = {isa = PBXFileReference; lastKnownFileType = sourcecode.swift; path = BoxOfficeCollectionView.swift; sourceTree = "<group>"; };
		F416AFDD2B88C72C004D8234 /* MovieStatus.swift */ = {isa = PBXFileReference; lastKnownFileType = sourcecode.swift; path = MovieStatus.swift; sourceTree = "<group>"; };
		F416AFDF2B89CA2A004D8234 /* RiseOrFallStackView.swift */ = {isa = PBXFileReference; lastKnownFileType = sourcecode.swift; path = RiseOrFallStackView.swift; sourceTree = "<group>"; };
		F44E98532B7C774A003F61EF /* BoxOfficeTests.xctest */ = {isa = PBXFileReference; explicitFileType = wrapper.cfbundle; includeInIndex = 0; path = BoxOfficeTests.xctest; sourceTree = BUILT_PRODUCTS_DIR; };
		F44E98552B7C774A003F61EF /* BoxOfficeTests.swift */ = {isa = PBXFileReference; lastKnownFileType = sourcecode.swift; path = BoxOfficeTests.swift; sourceTree = "<group>"; };
		F44E985D2B7C7A11003F61EF /* box-office-temp.json */ = {isa = PBXFileReference; lastKnownFileType = text.json; path = "box-office-temp.json"; sourceTree = "<group>"; };
		F44E98602B7C7AF7003F61EF /* FileProvidable.swift */ = {isa = PBXFileReference; lastKnownFileType = sourcecode.swift; path = FileProvidable.swift; sourceTree = "<group>"; };
		F44E98622B7C7B23003F61EF /* FileExtension.swift */ = {isa = PBXFileReference; lastKnownFileType = sourcecode.swift; path = FileExtension.swift; sourceTree = "<group>"; };
		F44E98642B7C7C23003F61EF /* BundleResourceError.swift */ = {isa = PBXFileReference; lastKnownFileType = sourcecode.swift; path = BundleResourceError.swift; sourceTree = "<group>"; };
		F44E98662B7C7C41003F61EF /* BundleResourceManager.swift */ = {isa = PBXFileReference; lastKnownFileType = sourcecode.swift; path = BundleResourceManager.swift; sourceTree = "<group>"; };
		F44E988D2B7DF621003F61EF /* SearchMovieInfoTests.swift */ = {isa = PBXFileReference; lastKnownFileType = sourcecode.swift; path = SearchMovieInfoTests.swift; sourceTree = "<group>"; };
		F44E988F2B7DF676003F61EF /* search-movie-info.json */ = {isa = PBXFileReference; lastKnownFileType = text.json; path = "search-movie-info.json"; sourceTree = "<group>"; };
		F44E98932B825E13003F61EF /* NetworkService.swift */ = {isa = PBXFileReference; lastKnownFileType = sourcecode.swift; path = NetworkService.swift; sourceTree = "<group>"; };
		F44E98952B8266A3003F61EF /* DataRequestable.swift */ = {isa = PBXFileReference; lastKnownFileType = sourcecode.swift; path = DataRequestable.swift; sourceTree = "<group>"; };
		F44E989A2B826A99003F61EF /* MovieRepository.swift */ = {isa = PBXFileReference; lastKnownFileType = sourcecode.swift; path = MovieRepository.swift; sourceTree = "<group>"; };
		F44E989F2B82E662003F61EF /* NetworkServiceError.swift */ = {isa = PBXFileReference; lastKnownFileType = sourcecode.swift; path = NetworkServiceError.swift; sourceTree = "<group>"; };
		F44E98A32B82EF2E003F61EF /* MovieRepositoryError.swift */ = {isa = PBXFileReference; lastKnownFileType = sourcecode.swift; path = MovieRepositoryError.swift; sourceTree = "<group>"; };
		F44E98B72B848BA1003F61EF /* NetworkRequestable.swift */ = {isa = PBXFileReference; lastKnownFileType = sourcecode.swift; path = NetworkRequestable.swift; sourceTree = "<group>"; };
		F44E98B92B848C07003F61EF /* URLSession+NetworkRequestable.swift */ = {isa = PBXFileReference; lastKnownFileType = sourcecode.swift; path = "URLSession+NetworkRequestable.swift"; sourceTree = "<group>"; };
		F44E98C02B849241003F61EF /* MovieRepositoryTests.swift */ = {isa = PBXFileReference; lastKnownFileType = sourcecode.swift; path = MovieRepositoryTests.swift; sourceTree = "<group>"; };
		F44E98C32B849DB0003F61EF /* MockURLSession.swift */ = {isa = PBXFileReference; lastKnownFileType = sourcecode.swift; path = MockURLSession.swift; sourceTree = "<group>"; };
		F44E98C52B849DFB003F61EF /* MockNetworkService.swift */ = {isa = PBXFileReference; lastKnownFileType = sourcecode.swift; path = MockNetworkService.swift; sourceTree = "<group>"; };
		F44E98CA2B84DF56003F61EF /* MovieRepositoryProtocol.swift */ = {isa = PBXFileReference; lastKnownFileType = sourcecode.swift; path = MovieRepositoryProtocol.swift; sourceTree = "<group>"; };
		F4CC09822B86E69A00922A35 /* NetworkRequestBuilderProtocol.swift */ = {isa = PBXFileReference; lastKnownFileType = sourcecode.swift; path = NetworkRequestBuilderProtocol.swift; sourceTree = "<group>"; };
		F4CC09A22B87C2D700922A35 /* DailyBoxOffice.swift */ = {isa = PBXFileReference; lastKnownFileType = sourcecode.swift; path = DailyBoxOffice.swift; sourceTree = "<group>"; };
		F4CC09A62B87C7E300922A35 /* DomainConvertible.swift */ = {isa = PBXFileReference; lastKnownFileType = sourcecode.swift; path = DomainConvertible.swift; sourceTree = "<group>"; };
		F4CC09A82B87D68A00922A35 /* MovieUseCaseProtocol.swift */ = {isa = PBXFileReference; lastKnownFileType = sourcecode.swift; path = MovieUseCaseProtocol.swift; sourceTree = "<group>"; };
		F4CC09AA2B87DBEC00922A35 /* MovieUseCaseError.swift */ = {isa = PBXFileReference; lastKnownFileType = sourcecode.swift; path = MovieUseCaseError.swift; sourceTree = "<group>"; };
		F4CC09AD2B87DC0600922A35 /* MovieUseCase.swift */ = {isa = PBXFileReference; lastKnownFileType = sourcecode.swift; path = MovieUseCase.swift; sourceTree = "<group>"; };
		F4CC09B02B87DC7D00922A35 /* BoxOfficeViewModel.swift */ = {isa = PBXFileReference; lastKnownFileType = sourcecode.swift; path = BoxOfficeViewModel.swift; sourceTree = "<group>"; };
		F4CC09B42B87E3BA00922A35 /* BoxOfficeInput.swift */ = {isa = PBXFileReference; lastKnownFileType = sourcecode.swift; path = BoxOfficeInput.swift; sourceTree = "<group>"; };
		F4CC09B62B87E46600922A35 /* BoxOfficeOutput.swift */ = {isa = PBXFileReference; lastKnownFileType = sourcecode.swift; path = BoxOfficeOutput.swift; sourceTree = "<group>"; };
/* End PBXFileReference section */

/* Begin PBXFrameworksBuildPhase section */
		63DF20E82970E1A0005DF7D1 /* Frameworks */ = {
			isa = PBXFrameworksBuildPhase;
			buildActionMask = 2147483647;
			files = (
			);
			runOnlyForDeploymentPostprocessing = 0;
		};
		F44E98502B7C7749003F61EF /* Frameworks */ = {
			isa = PBXFrameworksBuildPhase;
			buildActionMask = 2147483647;
			files = (
			);
			runOnlyForDeploymentPostprocessing = 0;
		};
/* End PBXFrameworksBuildPhase section */

/* Begin PBXGroup section */
		63DF20E22970E1A0005DF7D1 = {
			isa = PBXGroup;
			children = (
				89E11F0F2B7B520E00BC3D1A /* .swiftlint.yml */,
				63DF20ED2970E1A0005DF7D1 /* BoxOffice */,
				F44E98542B7C774A003F61EF /* BoxOfficeTests */,
				63DF20EC2970E1A0005DF7D1 /* Products */,
			);
			sourceTree = "<group>";
		};
		63DF20EC2970E1A0005DF7D1 /* Products */ = {
			isa = PBXGroup;
			children = (
				63DF20EB2970E1A0005DF7D1 /* BoxOffice.app */,
				F44E98532B7C774A003F61EF /* BoxOfficeTests.xctest */,
			);
			name = Products;
			sourceTree = "<group>";
		};
		63DF20ED2970E1A0005DF7D1 /* BoxOffice */ = {
			isa = PBXGroup;
			children = (
				F44E98492B7B96F6003F61EF /* App */,
				F44E984C2B7B973A003F61EF /* Supportings */,
				F44E985F2B7C7A70003F61EF /* Resource */,
				F44E98682B7C7C6C003F61EF /* FileProvider */,
				F44E98972B8267B3003F61EF /* Network */,
				F44E989C2B8271B8003F61EF /* Data */,
				F4CC09A52B87C79E00922A35 /* Domain */,
				F4CC09B32B87E3AA00922A35 /* Presentation */,
			);
			path = BoxOffice;
			sourceTree = "<group>";
		};
		894DE2F42B88876F00ED865A /* View */ = {
			isa = PBXGroup;
			children = (
				894DE2F22B88343E00ED865A /* BoxOfficeCollectionViewCell.swift */,
				F416AFDF2B89CA2A004D8234 /* RiseOrFallStackView.swift */,
				F416AFDB2B88A4A5004D8234 /* BoxOfficeCollectionView.swift */,
				F416AFD92B88A464004D8234 /* BoxOfficeListDataSource.swift */,
				F416AFDD2B88C72C004D8234 /* MovieStatus.swift */,
			);
			path = View;
			sourceTree = "<group>";
		};
		F44E98492B7B96F6003F61EF /* App */ = {
			isa = PBXGroup;
			children = (
				63DF20EE2970E1A0005DF7D1 /* AppDelegate.swift */,
				63DF20F02970E1A0005DF7D1 /* SceneDelegate.swift */,
			);
			path = App;
			sourceTree = "<group>";
		};
		F44E984A2B7B970F003F61EF /* ViewController */ = {
			isa = PBXGroup;
			children = (
				63DF20F42970E1A0005DF7D1 /* Main.storyboard */,
				63DF20F22970E1A0005DF7D1 /* ViewController.swift */,
			);
			path = ViewController;
			sourceTree = "<group>";
		};
		F44E984B2B7B971C003F61EF /* DTO */ = {
			isa = PBXGroup;
			children = (
				F4CC09A62B87C7E300922A35 /* DomainConvertible.swift */,
				894DE28A2B7B7CE800ED865A /* SearchDailyBoxOfficeDTO.swift */,
				894DE2AC2B7DE8F500ED865A /* SearchMovieInfoDTO.swift */,
			);
			path = DTO;
			sourceTree = "<group>";
		};
		F44E984C2B7B973A003F61EF /* Supportings */ = {
			isa = PBXGroup;
			children = (
				63DF20F72970E1A1005DF7D1 /* Assets.xcassets */,
				63DF20F92970E1A1005DF7D1 /* LaunchScreen.storyboard */,
				63DF20FC2970E1A1005DF7D1 /* Info.plist */,
			);
			path = Supportings;
			sourceTree = "<group>";
		};
		F44E98542B7C774A003F61EF /* BoxOfficeTests */ = {
			isa = PBXGroup;
			children = (
				F44E98552B7C774A003F61EF /* BoxOfficeTests.swift */,
				F44E988D2B7DF621003F61EF /* SearchMovieInfoTests.swift */,
				F44E98C22B849D78003F61EF /* Repository */,
			);
			path = BoxOfficeTests;
			sourceTree = "<group>";
		};
		F44E985F2B7C7A70003F61EF /* Resource */ = {
			isa = PBXGroup;
			children = (
				F44E985D2B7C7A11003F61EF /* box-office-temp.json */,
				F44E988F2B7DF676003F61EF /* search-movie-info.json */,
			);
			path = Resource;
			sourceTree = "<group>";
		};
		F44E98682B7C7C6C003F61EF /* FileProvider */ = {
			isa = PBXGroup;
			children = (
				F44E98602B7C7AF7003F61EF /* FileProvidable.swift */,
				F44E98622B7C7B23003F61EF /* FileExtension.swift */,
				F44E98662B7C7C41003F61EF /* BundleResourceManager.swift */,
				F44E98642B7C7C23003F61EF /* BundleResourceError.swift */,
			);
			path = FileProvider;
			sourceTree = "<group>";
		};
		F44E98972B8267B3003F61EF /* Network */ = {
			isa = PBXGroup;
			children = (
				F44E98BE2B848D14003F61EF /* NetworkService */,
				F44E98BD2B848D09003F61EF /* Session */,
				F44E98BC2B848CCA003F61EF /* Request */,
				F44E98BB2B848CB5003F61EF /* Error */,
			);
			path = Network;
			sourceTree = "<group>";
		};
		F44E989C2B8271B8003F61EF /* Data */ = {
			isa = PBXGroup;
			children = (
				F44E984B2B7B971C003F61EF /* DTO */,
				F44E98BF2B848D72003F61EF /* Repository */,
				F44E98CC2B84DF77003F61EF /* Error */,
			);
			path = Data;
			sourceTree = "<group>";
		};
		F44E98BB2B848CB5003F61EF /* Error */ = {
			isa = PBXGroup;
			children = (
				F44E989F2B82E662003F61EF /* NetworkServiceError.swift */,
			);
			path = Error;
			sourceTree = "<group>";
		};
		F44E98BC2B848CCA003F61EF /* Request */ = {
			isa = PBXGroup;
			children = (
				F4CC09822B86E69A00922A35 /* NetworkRequestBuilderProtocol.swift */,
			);
			path = Request;
			sourceTree = "<group>";
		};
		F44E98BD2B848D09003F61EF /* Session */ = {
			isa = PBXGroup;
			children = (
				F44E98952B8266A3003F61EF /* DataRequestable.swift */,
				F44E98B92B848C07003F61EF /* URLSession+NetworkRequestable.swift */,
			);
			path = Session;
			sourceTree = "<group>";
		};
		F44E98BE2B848D14003F61EF /* NetworkService */ = {
			isa = PBXGroup;
			children = (
				F44E98B72B848BA1003F61EF /* NetworkRequestable.swift */,
				F44E98932B825E13003F61EF /* NetworkService.swift */,
			);
			path = NetworkService;
			sourceTree = "<group>";
		};
		F44E98BF2B848D72003F61EF /* Repository */ = {
			isa = PBXGroup;
			children = (
				F44E98CA2B84DF56003F61EF /* MovieRepositoryProtocol.swift */,
				F44E989A2B826A99003F61EF /* MovieRepository.swift */,
			);
			path = Repository;
			sourceTree = "<group>";
		};
		F44E98C22B849D78003F61EF /* Repository */ = {
			isa = PBXGroup;
			children = (
				F44E98C72B84B49E003F61EF /* TestDouble */,
				F44E98C02B849241003F61EF /* MovieRepositoryTests.swift */,
			);
			path = Repository;
			sourceTree = "<group>";
		};
		F44E98C72B84B49E003F61EF /* TestDouble */ = {
			isa = PBXGroup;
			children = (
				F44E98C32B849DB0003F61EF /* MockURLSession.swift */,
				F44E98C52B849DFB003F61EF /* MockNetworkService.swift */,
			);
			path = TestDouble;
			sourceTree = "<group>";
		};
		F44E98CC2B84DF77003F61EF /* Error */ = {
			isa = PBXGroup;
			children = (
				F44E98A32B82EF2E003F61EF /* MovieRepositoryError.swift */,
			);
			path = Error;
			sourceTree = "<group>";
		};
		F4CC09A42B87C79400922A35 /* Model */ = {
			isa = PBXGroup;
			children = (
				F4CC09A22B87C2D700922A35 /* DailyBoxOffice.swift */,
			);
			path = Model;
			sourceTree = "<group>";
		};
		F4CC09A52B87C79E00922A35 /* Domain */ = {
			isa = PBXGroup;
			children = (
				F4CC09A42B87C79400922A35 /* Model */,
				F4CC09AF2B87DC3500922A35 /* UseCase */,
				F4CC09AC2B87DBF000922A35 /* Error */,
			);
			path = Domain;
			sourceTree = "<group>";
		};
		F4CC09AC2B87DBF000922A35 /* Error */ = {
			isa = PBXGroup;
			children = (
				F4CC09AA2B87DBEC00922A35 /* MovieUseCaseError.swift */,
			);
			path = Error;
			sourceTree = "<group>";
		};
		F4CC09AF2B87DC3500922A35 /* UseCase */ = {
			isa = PBXGroup;
			children = (
				F4CC09A82B87D68A00922A35 /* MovieUseCaseProtocol.swift */,
				F4CC09AD2B87DC0600922A35 /* MovieUseCase.swift */,
			);
			path = UseCase;
			sourceTree = "<group>";
		};
		F4CC09B22B87E3A200922A35 /* ViewModel */ = {
			isa = PBXGroup;
			children = (
				F4CC09B42B87E3BA00922A35 /* BoxOfficeInput.swift */,
				F4CC09B62B87E46600922A35 /* BoxOfficeOutput.swift */,
				F4CC09B02B87DC7D00922A35 /* BoxOfficeViewModel.swift */,
			);
			path = ViewModel;
			sourceTree = "<group>";
		};
		F4CC09B32B87E3AA00922A35 /* Presentation */ = {
			isa = PBXGroup;
			children = (
				F4CC09B22B87E3A200922A35 /* ViewModel */,
				F44E984A2B7B970F003F61EF /* ViewController */,
				894DE2F42B88876F00ED865A /* View */,
			);
			path = Presentation;
			sourceTree = "<group>";
		};
/* End PBXGroup section */

/* Begin PBXNativeTarget section */
		63DF20EA2970E1A0005DF7D1 /* BoxOffice */ = {
			isa = PBXNativeTarget;
			buildConfigurationList = 63DF20FF2970E1A1005DF7D1 /* Build configuration list for PBXNativeTarget "BoxOffice" */;
			buildPhases = (
				89E11F0E2B7B506800BC3D1A /* Swiftlint */,
				63DF20E72970E1A0005DF7D1 /* Sources */,
				63DF20E82970E1A0005DF7D1 /* Frameworks */,
				63DF20E92970E1A0005DF7D1 /* Resources */,
			);
			buildRules = (
			);
			dependencies = (
			);
			name = BoxOffice;
			productName = BoxOffice;
			productReference = 63DF20EB2970E1A0005DF7D1 /* BoxOffice.app */;
			productType = "com.apple.product-type.application";
		};
		F44E98522B7C7749003F61EF /* BoxOfficeTests */ = {
			isa = PBXNativeTarget;
			buildConfigurationList = F44E98592B7C774A003F61EF /* Build configuration list for PBXNativeTarget "BoxOfficeTests" */;
			buildPhases = (
				F44E984F2B7C7749003F61EF /* Sources */,
				F44E98502B7C7749003F61EF /* Frameworks */,
				F44E98512B7C7749003F61EF /* Resources */,
			);
			buildRules = (
			);
			dependencies = (
				F44E98582B7C774A003F61EF /* PBXTargetDependency */,
			);
			name = BoxOfficeTests;
			productName = BoxOfficeTests;
			productReference = F44E98532B7C774A003F61EF /* BoxOfficeTests.xctest */;
			productType = "com.apple.product-type.bundle.unit-test";
		};
/* End PBXNativeTarget section */

/* Begin PBXProject section */
		63DF20E32970E1A0005DF7D1 /* Project object */ = {
			isa = PBXProject;
			attributes = {
				BuildIndependentTargetsInParallel = 1;
				LastSwiftUpdateCheck = 1520;
				LastUpgradeCheck = 1420;
				TargetAttributes = {
					63DF20EA2970E1A0005DF7D1 = {
						CreatedOnToolsVersion = 14.2;
					};
					F44E98522B7C7749003F61EF = {
						CreatedOnToolsVersion = 15.2;
						TestTargetID = 63DF20EA2970E1A0005DF7D1;
					};
				};
			};
			buildConfigurationList = 63DF20E62970E1A0005DF7D1 /* Build configuration list for PBXProject "BoxOffice" */;
			compatibilityVersion = "Xcode 14.0";
			developmentRegion = en;
			hasScannedForEncodings = 0;
			knownRegions = (
				en,
				Base,
			);
			mainGroup = 63DF20E22970E1A0005DF7D1;
			productRefGroup = 63DF20EC2970E1A0005DF7D1 /* Products */;
			projectDirPath = "";
			projectRoot = "";
			targets = (
				63DF20EA2970E1A0005DF7D1 /* BoxOffice */,
				F44E98522B7C7749003F61EF /* BoxOfficeTests */,
			);
		};
/* End PBXProject section */

/* Begin PBXResourcesBuildPhase section */
		63DF20E92970E1A0005DF7D1 /* Resources */ = {
			isa = PBXResourcesBuildPhase;
			buildActionMask = 2147483647;
			files = (
				F44E98902B7DF676003F61EF /* search-movie-info.json in Resources */,
				89E11F102B7B520E00BC3D1A /* .swiftlint.yml in Resources */,
				63DF20FB2970E1A1005DF7D1 /* LaunchScreen.storyboard in Resources */,
				F44E985E2B7C7A11003F61EF /* box-office-temp.json in Resources */,
				63DF20F82970E1A1005DF7D1 /* Assets.xcassets in Resources */,
				63DF20F62970E1A0005DF7D1 /* Main.storyboard in Resources */,
			);
			runOnlyForDeploymentPostprocessing = 0;
		};
		F44E98512B7C7749003F61EF /* Resources */ = {
			isa = PBXResourcesBuildPhase;
			buildActionMask = 2147483647;
			files = (
			);
			runOnlyForDeploymentPostprocessing = 0;
		};
/* End PBXResourcesBuildPhase section */

/* Begin PBXShellScriptBuildPhase section */
		89E11F0E2B7B506800BC3D1A /* Swiftlint */ = {
			isa = PBXShellScriptBuildPhase;
			alwaysOutOfDate = 1;
			buildActionMask = 2147483647;
			files = (
			);
			inputFileListPaths = (
			);
			inputPaths = (
			);
			name = Swiftlint;
			outputFileListPaths = (
			);
			outputPaths = (
			);
			runOnlyForDeploymentPostprocessing = 0;
			shellPath = /bin/sh;
			shellScript = "export PATH=\"$PATH:/opt/homebrew/bin\"\nif which swiftlint > /dev/null; then\n  swiftlint\nelse\n  echo \"warning: SwiftLint not installed, download from https://github.com/realm/SwiftLint\"\nfi\n";
		};
/* End PBXShellScriptBuildPhase section */

/* Begin PBXSourcesBuildPhase section */
		63DF20E72970E1A0005DF7D1 /* Sources */ = {
			isa = PBXSourcesBuildPhase;
			buildActionMask = 2147483647;
			files = (
				F416AFDA2B88A464004D8234 /* BoxOfficeListDataSource.swift in Sources */,
				F4CC09AB2B87DBEC00922A35 /* MovieUseCaseError.swift in Sources */,
				F4CC09A92B87D68A00922A35 /* MovieUseCaseProtocol.swift in Sources */,
				F4CC09A72B87C7E300922A35 /* DomainConvertible.swift in Sources */,
				F44E98942B825E13003F61EF /* NetworkService.swift in Sources */,
				F44E98652B7C7C23003F61EF /* BundleResourceError.swift in Sources */,
				894DE2AD2B7DE8F500ED865A /* SearchMovieInfoDTO.swift in Sources */,
				F44E98B82B848BA1003F61EF /* NetworkRequestable.swift in Sources */,
				63DF20F32970E1A0005DF7D1 /* ViewController.swift in Sources */,
				63DF20EF2970E1A0005DF7D1 /* AppDelegate.swift in Sources */,
				F4CC09B72B87E46600922A35 /* BoxOfficeOutput.swift in Sources */,
				F44E98672B7C7C41003F61EF /* BundleResourceManager.swift in Sources */,
				F4CC09832B86E69A00922A35 /* NetworkRequestBuilderProtocol.swift in Sources */,
				F44E98CB2B84DF56003F61EF /* MovieRepositoryProtocol.swift in Sources */,
				F4CC09AE2B87DC0600922A35 /* MovieUseCase.swift in Sources */,
				F4CC09A32B87C2D700922A35 /* DailyBoxOffice.swift in Sources */,
				F416AFDE2B88C72D004D8234 /* MovieStatus.swift in Sources */,
				F44E98A02B82E662003F61EF /* NetworkServiceError.swift in Sources */,
				F44E98962B8266A3003F61EF /* DataRequestable.swift in Sources */,
				F44E98BA2B848C07003F61EF /* URLSession+NetworkRequestable.swift in Sources */,
				F44E98612B7C7AF7003F61EF /* FileProvidable.swift in Sources */,
				F416AFE02B89CA2A004D8234 /* RiseOrFallStackView.swift in Sources */,
				F44E98632B7C7B23003F61EF /* FileExtension.swift in Sources */,
				894DE2F32B88343E00ED865A /* BoxOfficeCollectionViewCell.swift in Sources */,
				F4CC09B12B87DC7D00922A35 /* BoxOfficeViewModel.swift in Sources */,
				894DE28B2B7B7CE800ED865A /* SearchDailyBoxOfficeDTO.swift in Sources */,
				F4CC09B52B87E3BA00922A35 /* BoxOfficeInput.swift in Sources */,
				F416AFDC2B88A4A5004D8234 /* BoxOfficeCollectionView.swift in Sources */,
				F44E989B2B826A99003F61EF /* MovieRepository.swift in Sources */,
				63DF20F12970E1A0005DF7D1 /* SceneDelegate.swift in Sources */,
				F44E98A42B82EF2E003F61EF /* MovieRepositoryError.swift in Sources */,
			);
			runOnlyForDeploymentPostprocessing = 0;
		};
		F44E984F2B7C7749003F61EF /* Sources */ = {
			isa = PBXSourcesBuildPhase;
			buildActionMask = 2147483647;
			files = (
				F44E98C62B849DFB003F61EF /* MockNetworkService.swift in Sources */,
				F44E98C12B849241003F61EF /* MovieRepositoryTests.swift in Sources */,
				F44E98562B7C774A003F61EF /* BoxOfficeTests.swift in Sources */,
				F44E985C2B7C775F003F61EF /* SearchDailyBoxOfficeDTO.swift in Sources */,
				F44E98C42B849DB0003F61EF /* MockURLSession.swift in Sources */,
				F44E988E2B7DF621003F61EF /* SearchMovieInfoTests.swift in Sources */,
			);
			runOnlyForDeploymentPostprocessing = 0;
		};
/* End PBXSourcesBuildPhase section */

/* Begin PBXTargetDependency section */
		F44E98582B7C774A003F61EF /* PBXTargetDependency */ = {
			isa = PBXTargetDependency;
			target = 63DF20EA2970E1A0005DF7D1 /* BoxOffice */;
			targetProxy = F44E98572B7C774A003F61EF /* PBXContainerItemProxy */;
		};
/* End PBXTargetDependency section */

/* Begin PBXVariantGroup section */
		63DF20F42970E1A0005DF7D1 /* Main.storyboard */ = {
			isa = PBXVariantGroup;
			children = (
				63DF20F52970E1A0005DF7D1 /* Base */,
			);
			name = Main.storyboard;
			sourceTree = "<group>";
		};
		63DF20F92970E1A1005DF7D1 /* LaunchScreen.storyboard */ = {
			isa = PBXVariantGroup;
			children = (
				63DF20FA2970E1A1005DF7D1 /* Base */,
			);
			name = LaunchScreen.storyboard;
			sourceTree = "<group>";
		};
/* End PBXVariantGroup section */

/* Begin XCBuildConfiguration section */
		63DF20FD2970E1A1005DF7D1 /* Debug */ = {
			isa = XCBuildConfiguration;
			buildSettings = {
				ALWAYS_SEARCH_USER_PATHS = NO;
				CLANG_ANALYZER_NONNULL = YES;
				CLANG_ANALYZER_NUMBER_OBJECT_CONVERSION = YES_AGGRESSIVE;
				CLANG_CXX_LANGUAGE_STANDARD = "gnu++20";
				CLANG_ENABLE_MODULES = YES;
				CLANG_ENABLE_OBJC_ARC = YES;
				CLANG_ENABLE_OBJC_WEAK = YES;
				CLANG_WARN_BLOCK_CAPTURE_AUTORELEASING = YES;
				CLANG_WARN_BOOL_CONVERSION = YES;
				CLANG_WARN_COMMA = YES;
				CLANG_WARN_CONSTANT_CONVERSION = YES;
				CLANG_WARN_DEPRECATED_OBJC_IMPLEMENTATIONS = YES;
				CLANG_WARN_DIRECT_OBJC_ISA_USAGE = YES_ERROR;
				CLANG_WARN_DOCUMENTATION_COMMENTS = YES;
				CLANG_WARN_EMPTY_BODY = YES;
				CLANG_WARN_ENUM_CONVERSION = YES;
				CLANG_WARN_INFINITE_RECURSION = YES;
				CLANG_WARN_INT_CONVERSION = YES;
				CLANG_WARN_NON_LITERAL_NULL_CONVERSION = YES;
				CLANG_WARN_OBJC_IMPLICIT_RETAIN_SELF = YES;
				CLANG_WARN_OBJC_LITERAL_CONVERSION = YES;
				CLANG_WARN_OBJC_ROOT_CLASS = YES_ERROR;
				CLANG_WARN_QUOTED_INCLUDE_IN_FRAMEWORK_HEADER = YES;
				CLANG_WARN_RANGE_LOOP_ANALYSIS = YES;
				CLANG_WARN_STRICT_PROTOTYPES = YES;
				CLANG_WARN_SUSPICIOUS_MOVE = YES;
				CLANG_WARN_UNGUARDED_AVAILABILITY = YES_AGGRESSIVE;
				CLANG_WARN_UNREACHABLE_CODE = YES;
				CLANG_WARN__DUPLICATE_METHOD_MATCH = YES;
				COPY_PHASE_STRIP = NO;
				DEBUG_INFORMATION_FORMAT = dwarf;
				ENABLE_STRICT_OBJC_MSGSEND = YES;
				ENABLE_TESTABILITY = YES;
				GCC_C_LANGUAGE_STANDARD = gnu11;
				GCC_DYNAMIC_NO_PIC = NO;
				GCC_NO_COMMON_BLOCKS = YES;
				GCC_OPTIMIZATION_LEVEL = 0;
				GCC_PREPROCESSOR_DEFINITIONS = (
					"DEBUG=1",
					"$(inherited)",
				);
				GCC_WARN_64_TO_32_BIT_CONVERSION = YES;
				GCC_WARN_ABOUT_RETURN_TYPE = YES_ERROR;
				GCC_WARN_UNDECLARED_SELECTOR = YES;
				GCC_WARN_UNINITIALIZED_AUTOS = YES_AGGRESSIVE;
				GCC_WARN_UNUSED_FUNCTION = YES;
				GCC_WARN_UNUSED_VARIABLE = YES;
				IPHONEOS_DEPLOYMENT_TARGET = 16.2;
				MTL_ENABLE_DEBUG_INFO = INCLUDE_SOURCE;
				MTL_FAST_MATH = YES;
				ONLY_ACTIVE_ARCH = YES;
				SDKROOT = iphoneos;
				SWIFT_ACTIVE_COMPILATION_CONDITIONS = DEBUG;
				SWIFT_OPTIMIZATION_LEVEL = "-Onone";
			};
			name = Debug;
		};
		63DF20FE2970E1A1005DF7D1 /* Release */ = {
			isa = XCBuildConfiguration;
			buildSettings = {
				ALWAYS_SEARCH_USER_PATHS = NO;
				CLANG_ANALYZER_NONNULL = YES;
				CLANG_ANALYZER_NUMBER_OBJECT_CONVERSION = YES_AGGRESSIVE;
				CLANG_CXX_LANGUAGE_STANDARD = "gnu++20";
				CLANG_ENABLE_MODULES = YES;
				CLANG_ENABLE_OBJC_ARC = YES;
				CLANG_ENABLE_OBJC_WEAK = YES;
				CLANG_WARN_BLOCK_CAPTURE_AUTORELEASING = YES;
				CLANG_WARN_BOOL_CONVERSION = YES;
				CLANG_WARN_COMMA = YES;
				CLANG_WARN_CONSTANT_CONVERSION = YES;
				CLANG_WARN_DEPRECATED_OBJC_IMPLEMENTATIONS = YES;
				CLANG_WARN_DIRECT_OBJC_ISA_USAGE = YES_ERROR;
				CLANG_WARN_DOCUMENTATION_COMMENTS = YES;
				CLANG_WARN_EMPTY_BODY = YES;
				CLANG_WARN_ENUM_CONVERSION = YES;
				CLANG_WARN_INFINITE_RECURSION = YES;
				CLANG_WARN_INT_CONVERSION = YES;
				CLANG_WARN_NON_LITERAL_NULL_CONVERSION = YES;
				CLANG_WARN_OBJC_IMPLICIT_RETAIN_SELF = YES;
				CLANG_WARN_OBJC_LITERAL_CONVERSION = YES;
				CLANG_WARN_OBJC_ROOT_CLASS = YES_ERROR;
				CLANG_WARN_QUOTED_INCLUDE_IN_FRAMEWORK_HEADER = YES;
				CLANG_WARN_RANGE_LOOP_ANALYSIS = YES;
				CLANG_WARN_STRICT_PROTOTYPES = YES;
				CLANG_WARN_SUSPICIOUS_MOVE = YES;
				CLANG_WARN_UNGUARDED_AVAILABILITY = YES_AGGRESSIVE;
				CLANG_WARN_UNREACHABLE_CODE = YES;
				CLANG_WARN__DUPLICATE_METHOD_MATCH = YES;
				COPY_PHASE_STRIP = NO;
				DEBUG_INFORMATION_FORMAT = "dwarf-with-dsym";
				ENABLE_NS_ASSERTIONS = NO;
				ENABLE_STRICT_OBJC_MSGSEND = YES;
				GCC_C_LANGUAGE_STANDARD = gnu11;
				GCC_NO_COMMON_BLOCKS = YES;
				GCC_WARN_64_TO_32_BIT_CONVERSION = YES;
				GCC_WARN_ABOUT_RETURN_TYPE = YES_ERROR;
				GCC_WARN_UNDECLARED_SELECTOR = YES;
				GCC_WARN_UNINITIALIZED_AUTOS = YES_AGGRESSIVE;
				GCC_WARN_UNUSED_FUNCTION = YES;
				GCC_WARN_UNUSED_VARIABLE = YES;
				IPHONEOS_DEPLOYMENT_TARGET = 16.2;
				MTL_ENABLE_DEBUG_INFO = NO;
				MTL_FAST_MATH = YES;
				SDKROOT = iphoneos;
				SWIFT_COMPILATION_MODE = wholemodule;
				SWIFT_OPTIMIZATION_LEVEL = "-O";
				VALIDATE_PRODUCT = YES;
			};
			name = Release;
		};
		63DF21002970E1A1005DF7D1 /* Debug */ = {
			isa = XCBuildConfiguration;
			buildSettings = {
				ASSETCATALOG_COMPILER_APPICON_NAME = AppIcon;
				ASSETCATALOG_COMPILER_GLOBAL_ACCENT_COLOR_NAME = AccentColor;
				CODE_SIGN_STYLE = Automatic;
				CURRENT_PROJECT_VERSION = 1;
				GENERATE_INFOPLIST_FILE = YES;
				INFOPLIST_FILE = BoxOffice/Supportings/Info.plist;
				INFOPLIST_KEY_UIApplicationSupportsIndirectInputEvents = YES;
				INFOPLIST_KEY_UILaunchStoryboardName = LaunchScreen;
				INFOPLIST_KEY_UIMainStoryboardFile = Main;
				INFOPLIST_KEY_UISupportedInterfaceOrientations_iPad = "UIInterfaceOrientationPortrait UIInterfaceOrientationPortraitUpsideDown UIInterfaceOrientationLandscapeLeft UIInterfaceOrientationLandscapeRight";
				INFOPLIST_KEY_UISupportedInterfaceOrientations_iPhone = "UIInterfaceOrientationPortrait UIInterfaceOrientationLandscapeLeft UIInterfaceOrientationLandscapeRight";
				IPHONEOS_DEPLOYMENT_TARGET = 14.0;
				LD_RUNPATH_SEARCH_PATHS = (
					"$(inherited)",
					"@executable_path/Frameworks",
				);
				MARKETING_VERSION = 1.0;
				PRODUCT_BUNDLE_IDENTIFIER = net.yagom.BoxOffice;
				PRODUCT_NAME = "$(TARGET_NAME)";
				SWIFT_EMIT_LOC_STRINGS = YES;
				SWIFT_VERSION = 5.0;
				TARGETED_DEVICE_FAMILY = "1,2";
			};
			name = Debug;
		};
		63DF21012970E1A1005DF7D1 /* Release */ = {
			isa = XCBuildConfiguration;
			buildSettings = {
				ASSETCATALOG_COMPILER_APPICON_NAME = AppIcon;
				ASSETCATALOG_COMPILER_GLOBAL_ACCENT_COLOR_NAME = AccentColor;
				CODE_SIGN_STYLE = Automatic;
				CURRENT_PROJECT_VERSION = 1;
				GENERATE_INFOPLIST_FILE = YES;
				INFOPLIST_FILE = BoxOffice/Supportings/Info.plist;
				INFOPLIST_KEY_UIApplicationSupportsIndirectInputEvents = YES;
				INFOPLIST_KEY_UILaunchStoryboardName = LaunchScreen;
				INFOPLIST_KEY_UIMainStoryboardFile = Main;
				INFOPLIST_KEY_UISupportedInterfaceOrientations_iPad = "UIInterfaceOrientationPortrait UIInterfaceOrientationPortraitUpsideDown UIInterfaceOrientationLandscapeLeft UIInterfaceOrientationLandscapeRight";
				INFOPLIST_KEY_UISupportedInterfaceOrientations_iPhone = "UIInterfaceOrientationPortrait UIInterfaceOrientationLandscapeLeft UIInterfaceOrientationLandscapeRight";
				IPHONEOS_DEPLOYMENT_TARGET = 14.0;
				LD_RUNPATH_SEARCH_PATHS = (
					"$(inherited)",
					"@executable_path/Frameworks",
				);
				MARKETING_VERSION = 1.0;
				PRODUCT_BUNDLE_IDENTIFIER = net.yagom.BoxOffice;
				PRODUCT_NAME = "$(TARGET_NAME)";
				SWIFT_EMIT_LOC_STRINGS = YES;
				SWIFT_VERSION = 5.0;
				TARGETED_DEVICE_FAMILY = "1,2";
			};
			name = Release;
		};
		F44E985A2B7C774A003F61EF /* Debug */ = {
			isa = XCBuildConfiguration;
			buildSettings = {
				ASSETCATALOG_COMPILER_GENERATE_SWIFT_ASSET_SYMBOL_EXTENSIONS = YES;
				BUNDLE_LOADER = "$(TEST_HOST)";
				CODE_SIGN_STYLE = Automatic;
				CURRENT_PROJECT_VERSION = 1;
				DEVELOPMENT_TEAM = Y67S3384LP;
				ENABLE_USER_SCRIPT_SANDBOXING = YES;
				GCC_C_LANGUAGE_STANDARD = gnu17;
				GENERATE_INFOPLIST_FILE = YES;
				IPHONEOS_DEPLOYMENT_TARGET = 17.2;
				LOCALIZATION_PREFERS_STRING_CATALOGS = YES;
				MACOSX_DEPLOYMENT_TARGET = 14.2;
				MARKETING_VERSION = 1.0;
				PRODUCT_BUNDLE_IDENTIFIER = com.hyeffie.BoxOfficeTests;
				PRODUCT_NAME = "$(TARGET_NAME)";
				SDKROOT = auto;
				SUPPORTED_PLATFORMS = "iphoneos iphonesimulator macosx";
				SWIFT_ACTIVE_COMPILATION_CONDITIONS = "DEBUG $(inherited)";
				SWIFT_EMIT_LOC_STRINGS = NO;
				SWIFT_VERSION = 5.0;
				TARGETED_DEVICE_FAMILY = "1,2";
				TEST_HOST = "$(BUILT_PRODUCTS_DIR)/BoxOffice.app/$(BUNDLE_EXECUTABLE_FOLDER_PATH)/BoxOffice";
			};
			name = Debug;
		};
		F44E985B2B7C774A003F61EF /* Release */ = {
			isa = XCBuildConfiguration;
			buildSettings = {
				ASSETCATALOG_COMPILER_GENERATE_SWIFT_ASSET_SYMBOL_EXTENSIONS = YES;
				BUNDLE_LOADER = "$(TEST_HOST)";
				CODE_SIGN_STYLE = Automatic;
				CURRENT_PROJECT_VERSION = 1;
				DEVELOPMENT_TEAM = Y67S3384LP;
				ENABLE_USER_SCRIPT_SANDBOXING = YES;
				GCC_C_LANGUAGE_STANDARD = gnu17;
				GENERATE_INFOPLIST_FILE = YES;
				IPHONEOS_DEPLOYMENT_TARGET = 17.2;
				LOCALIZATION_PREFERS_STRING_CATALOGS = YES;
				MACOSX_DEPLOYMENT_TARGET = 14.2;
				MARKETING_VERSION = 1.0;
				PRODUCT_BUNDLE_IDENTIFIER = com.hyeffie.BoxOfficeTests;
				PRODUCT_NAME = "$(TARGET_NAME)";
				SDKROOT = auto;
				SUPPORTED_PLATFORMS = "iphoneos iphonesimulator macosx";
				SWIFT_EMIT_LOC_STRINGS = NO;
				SWIFT_VERSION = 5.0;
				TARGETED_DEVICE_FAMILY = "1,2";
				TEST_HOST = "$(BUILT_PRODUCTS_DIR)/BoxOffice.app/$(BUNDLE_EXECUTABLE_FOLDER_PATH)/BoxOffice";
			};
			name = Release;
		};
/* End XCBuildConfiguration section */

/* Begin XCConfigurationList section */
		63DF20E62970E1A0005DF7D1 /* Build configuration list for PBXProject "BoxOffice" */ = {
			isa = XCConfigurationList;
			buildConfigurations = (
				63DF20FD2970E1A1005DF7D1 /* Debug */,
				63DF20FE2970E1A1005DF7D1 /* Release */,
			);
			defaultConfigurationIsVisible = 0;
			defaultConfigurationName = Release;
		};
		63DF20FF2970E1A1005DF7D1 /* Build configuration list for PBXNativeTarget "BoxOffice" */ = {
			isa = XCConfigurationList;
			buildConfigurations = (
				63DF21002970E1A1005DF7D1 /* Debug */,
				63DF21012970E1A1005DF7D1 /* Release */,
			);
			defaultConfigurationIsVisible = 0;
			defaultConfigurationName = Release;
		};
		F44E98592B7C774A003F61EF /* Build configuration list for PBXNativeTarget "BoxOfficeTests" */ = {
			isa = XCConfigurationList;
			buildConfigurations = (
				F44E985A2B7C774A003F61EF /* Debug */,
				F44E985B2B7C774A003F61EF /* Release */,
			);
			defaultConfigurationIsVisible = 0;
			defaultConfigurationName = Release;
		};
/* End XCConfigurationList section */
	};
	rootObject = 63DF20E32970E1A0005DF7D1 /* Project object */;
}
